// !$*UTF8*$!
{
	archiveVersion = 1;
	classes = {
	};
	objectVersion = 50;
	objects = {

/* Begin PBXBuildFile section */
		97D56915211EEE2F00E485C5 /* AppDelegate.swift in Sources */ = {isa = PBXBuildFile; fileRef = 97D56914211EEE2F00E485C5 /* AppDelegate.swift */; };
		97D5691A211EEE2F00E485C5 /* Main.storyboard in Resources */ = {isa = PBXBuildFile; fileRef = 97D56918211EEE2F00E485C5 /* Main.storyboard */; };
		97D5691C211EEE3000E485C5 /* Assets.xcassets in Resources */ = {isa = PBXBuildFile; fileRef = 97D5691B211EEE3000E485C5 /* Assets.xcassets */; };
		97D5691F211EEE3000E485C5 /* LaunchScreen.storyboard in Resources */ = {isa = PBXBuildFile; fileRef = 97D5691D211EEE3000E485C5 /* LaunchScreen.storyboard */; };
		97D56927211EF1D900E485C5 /* GeofenceViewController.swift in Sources */ = {isa = PBXBuildFile; fileRef = 97D56926211EF1D900E485C5 /* GeofenceViewController.swift */; };
		97D56929211EF1EC00E485C5 /* SignificantChangesViewController.swift in Sources */ = {isa = PBXBuildFile; fileRef = 97D56928211EF1EC00E485C5 /* SignificantChangesViewController.swift */; };
		97D5692E211EF25B00E485C5 /* LocationHelper.swift in Sources */ = {isa = PBXBuildFile; fileRef = 97D5692D211EF25B00E485C5 /* LocationHelper.swift */; };
		97D56932211EF28200E485C5 /* LocationManagerRequiring.swift in Sources */ = {isa = PBXBuildFile; fileRef = 97D56931211EF28200E485C5 /* LocationManagerRequiring.swift */; };
/* End PBXBuildFile section */

/* Begin PBXFileReference section */
		97D56911211EEE2F00E485C5 /* LocationServices.app */ = {isa = PBXFileReference; explicitFileType = wrapper.application; includeInIndex = 0; path = LocationServices.app; sourceTree = BUILT_PRODUCTS_DIR; };
		97D56914211EEE2F00E485C5 /* AppDelegate.swift */ = {isa = PBXFileReference; lastKnownFileType = sourcecode.swift; path = AppDelegate.swift; sourceTree = "<group>"; };
		97D56919211EEE2F00E485C5 /* Base */ = {isa = PBXFileReference; lastKnownFileType = file.storyboard; name = Base; path = Base.lproj/Main.storyboard; sourceTree = "<group>"; };
		97D5691B211EEE3000E485C5 /* Assets.xcassets */ = {isa = PBXFileReference; lastKnownFileType = folder.assetcatalog; path = Assets.xcassets; sourceTree = "<group>"; };
		97D5691E211EEE3000E485C5 /* Base */ = {isa = PBXFileReference; lastKnownFileType = file.storyboard; name = Base; path = Base.lproj/LaunchScreen.storyboard; sourceTree = "<group>"; };
		97D56920211EEE3000E485C5 /* Info.plist */ = {isa = PBXFileReference; lastKnownFileType = text.plist.xml; path = Info.plist; sourceTree = "<group>"; };
		97D56926211EF1D900E485C5 /* GeofenceViewController.swift */ = {isa = PBXFileReference; lastKnownFileType = sourcecode.swift; path = GeofenceViewController.swift; sourceTree = "<group>"; };
		97D56928211EF1EC00E485C5 /* SignificantChangesViewController.swift */ = {isa = PBXFileReference; lastKnownFileType = sourcecode.swift; path = SignificantChangesViewController.swift; sourceTree = "<group>"; };
		97D5692D211EF25B00E485C5 /* LocationHelper.swift */ = {isa = PBXFileReference; lastKnownFileType = sourcecode.swift; path = LocationHelper.swift; sourceTree = "<group>"; };
		97D56931211EF28200E485C5 /* LocationManagerRequiring.swift */ = {isa = PBXFileReference; lastKnownFileType = sourcecode.swift; path = LocationManagerRequiring.swift; sourceTree = "<group>"; };
/* End PBXFileReference section */

/* Begin PBXFrameworksBuildPhase section */
		97D5690E211EEE2F00E485C5 /* Frameworks */ = {
			isa = PBXFrameworksBuildPhase;
			buildActionMask = 2147483647;
			files = (
			);
			runOnlyForDeploymentPostprocessing = 0;
		};
/* End PBXFrameworksBuildPhase section */

/* Begin PBXGroup section */
		97D56908211EEE2F00E485C5 = {
			isa = PBXGroup;
			children = (
				97D56913211EEE2F00E485C5 /* LocationServices */,
				97D56912211EEE2F00E485C5 /* Products */,
			);
			sourceTree = "<group>";
		};
		97D56912211EEE2F00E485C5 /* Products */ = {
			isa = PBXGroup;
			children = (
				97D56911211EEE2F00E485C5 /* LocationServices.app */,
			);
			name = Products;
			sourceTree = "<group>";
		};
		97D56913211EEE2F00E485C5 /* LocationServices */ = {
			isa = PBXGroup;
			children = (
				97D56930211EF27200E485C5 /* Protocols */,
				97D5692F211EF25D00E485C5 /* Helpers */,
				97D5692C211EF20C00E485C5 /* ViewControllers */,
				97D56914211EEE2F00E485C5 /* AppDelegate.swift */,
				97D56918211EEE2F00E485C5 /* Main.storyboard */,
				97D5691B211EEE3000E485C5 /* Assets.xcassets */,
				97D5691D211EEE3000E485C5 /* LaunchScreen.storyboard */,
				97D56920211EEE3000E485C5 /* Info.plist */,
			);
			path = LocationServices;
			sourceTree = "<group>";
		};
		97D5692C211EF20C00E485C5 /* ViewControllers */ = {
			isa = PBXGroup;
			children = (
				97D56926211EF1D900E485C5 /* GeofenceViewController.swift */,
				97D56928211EF1EC00E485C5 /* SignificantChangesViewController.swift */,
			);
			path = ViewControllers;
			sourceTree = "<group>";
		};
		97D5692F211EF25D00E485C5 /* Helpers */ = {
			isa = PBXGroup;
			children = (
				97D5692D211EF25B00E485C5 /* LocationHelper.swift */,
			);
			path = Helpers;
			sourceTree = "<group>";
		};
		97D56930211EF27200E485C5 /* Protocols */ = {
			isa = PBXGroup;
			children = (
				97D56931211EF28200E485C5 /* LocationManagerRequiring.swift */,
			);
			path = Protocols;
			sourceTree = "<group>";
		};
/* End PBXGroup section */

/* Begin PBXNativeTarget section */
		97D56910211EEE2F00E485C5 /* LocationServices */ = {
			isa = PBXNativeTarget;
			buildConfigurationList = 97D56923211EEE3000E485C5 /* Build configuration list for PBXNativeTarget "LocationServices" */;
			buildPhases = (
				97D5690D211EEE2F00E485C5 /* Sources */,
				97D5690E211EEE2F00E485C5 /* Frameworks */,
				97D5690F211EEE2F00E485C5 /* Resources */,
			);
			buildRules = (
			);
			dependencies = (
			);
			name = LocationServices;
			productName = LocationServices;
			productReference = 97D56911211EEE2F00E485C5 /* LocationServices.app */;
			productType = "com.apple.product-type.application";
		};
/* End PBXNativeTarget section */

/* Begin PBXProject section */
		97D56909211EEE2F00E485C5 /* Project object */ = {
			isa = PBXProject;
			attributes = {
				LastSwiftUpdateCheck = 1000;
				LastUpgradeCheck = 1200;
				ORGANIZATIONNAME = DonnyWals;
				TargetAttributes = {
					97D56910211EEE2F00E485C5 = {
						CreatedOnToolsVersion = 10.0;
						LastSwiftMigration = 1200;
						SystemCapabilities = {
							com.apple.BackgroundModes = {
								enabled = 1;
							};
						};
					};
				};
			};
			buildConfigurationList = 97D5690C211EEE2F00E485C5 /* Build configuration list for PBXProject "LocationServices" */;
			compatibilityVersion = "Xcode 9.3";
			developmentRegion = en;
			hasScannedForEncodings = 0;
			knownRegions = (
				en,
				Base,
			);
			mainGroup = 97D56908211EEE2F00E485C5;
			productRefGroup = 97D56912211EEE2F00E485C5 /* Products */;
			projectDirPath = "";
			projectRoot = "";
			targets = (
				97D56910211EEE2F00E485C5 /* LocationServices */,
			);
		};
/* End PBXProject section */

/* Begin PBXResourcesBuildPhase section */
		97D5690F211EEE2F00E485C5 /* Resources */ = {
			isa = PBXResourcesBuildPhase;
			buildActionMask = 2147483647;
			files = (
				97D5691F211EEE3000E485C5 /* LaunchScreen.storyboard in Resources */,
				97D5691C211EEE3000E485C5 /* Assets.xcassets in Resources */,
				97D5691A211EEE2F00E485C5 /* Main.storyboard in Resources */,
			);
			runOnlyForDeploymentPostprocessing = 0;
		};
/* End PBXResourcesBuildPhase section */

/* Begin PBXSourcesBuildPhase section */
		97D5690D211EEE2F00E485C5 /* Sources */ = {
			isa = PBXSourcesBuildPhase;
			buildActionMask = 2147483647;
			files = (
				97D56929211EF1EC00E485C5 /* SignificantChangesViewController.swift in Sources */,
				97D56932211EF28200E485C5 /* LocationManagerRequiring.swift in Sources */,
				97D56927211EF1D900E485C5 /* GeofenceViewController.swift in Sources */,
				97D56915211EEE2F00E485C5 /* AppDelegate.swift in Sources */,
				97D5692E211EF25B00E485C5 /* LocationHelper.swift in Sources */,
			);
			runOnlyForDeploymentPostprocessing = 0;
		};
/* End PBXSourcesBuildPhase section */

/* Begin PBXVariantGroup section */
		97D56918211EEE2F00E485C5 /* Main.storyboard */ = {
			isa = PBXVariantGroup;
			children = (
				97D56919211EEE2F00E485C5 /* Base */,
			);
			name = Main.storyboard;
			sourceTree = "<group>";
		};
		97D5691D211EEE3000E485C5 /* LaunchScreen.storyboard */ = {
			isa = PBXVariantGroup;
			children = (
				97D5691E211EEE3000E485C5 /* Base */,
			);
			name = LaunchScreen.storyboard;
			sourceTree = "<group>";
		};
/* End PBXVariantGroup section */

/* Begin XCBuildConfiguration section */
		97D56921211EEE3000E485C5 /* Debug */ = {
			isa = XCBuildConfiguration;
			buildSettings = {
				ALWAYS_SEARCH_USER_PATHS = NO;
				CLANG_ANALYZER_NONNULL = YES;
				CLANG_ANALYZER_NUMBER_OBJECT_CONVERSION = YES_AGGRESSIVE;
				CLANG_CXX_LANGUAGE_STANDARD = "gnu++14";
				CLANG_CXX_LIBRARY = "libc++";
				CLANG_ENABLE_MODULES = YES;
				CLANG_ENABLE_OBJC_ARC = YES;
				CLANG_ENABLE_OBJC_WEAK = YES;
				CLANG_WARN_BLOCK_CAPTURE_AUTORELEASING = YES;
				CLANG_WARN_BOOL_CONVERSION = YES;
				CLANG_WARN_COMMA = YES;
				CLANG_WARN_CONSTANT_CONVERSION = YES;
				CLANG_WARN_DEPRECATED_OBJC_IMPLEMENTATIONS = YES;
				CLANG_WARN_DIRECT_OBJC_ISA_USAGE = YES_ERROR;
				CLANG_WARN_DOCUMENTATION_COMMENTS = YES;
				CLANG_WARN_EMPTY_BODY = YES;
				CLANG_WARN_ENUM_CONVERSION = YES;
				CLANG_WARN_INFINITE_RECURSION = YES;
				CLANG_WARN_INT_CONVERSION = YES;
				CLANG_WARN_NON_LITERAL_NULL_CONVERSION = YES;
				CLANG_WARN_OBJC_IMPLICIT_RETAIN_SELF = YES;
				CLANG_WARN_OBJC_LITERAL_CONVERSION = YES;
				CLANG_WARN_OBJC_ROOT_CLASS = YES_ERROR;
				CLANG_WARN_QUOTED_INCLUDE_IN_FRAMEWORK_HEADER = YES;
				CLANG_WARN_RANGE_LOOP_ANALYSIS = YES;
				CLANG_WARN_STRICT_PROTOTYPES = YES;
				CLANG_WARN_SUSPICIOUS_MOVE = YES;
				CLANG_WARN_UNGUARDED_AVAILABILITY = YES_AGGRESSIVE;
				CLANG_WARN_UNREACHABLE_CODE = YES;
				CLANG_WARN__DUPLICATE_METHOD_MATCH = YES;
				CODE_SIGN_IDENTITY = "iPhone Developer";
				COPY_PHASE_STRIP = NO;
				DEBUG_INFORMATION_FORMAT = dwarf;
				ENABLE_STRICT_OBJC_MSGSEND = YES;
				ENABLE_TESTABILITY = YES;
				GCC_C_LANGUAGE_STANDARD = gnu11;
				GCC_DYNAMIC_NO_PIC = NO;
				GCC_NO_COMMON_BLOCKS = YES;
				GCC_OPTIMIZATION_LEVEL = 0;
				GCC_PREPROCESSOR_DEFINITIONS = (
					"DEBUG=1",
					"$(inherited)",
				);
				GCC_WARN_64_TO_32_BIT_CONVERSION = YES;
				GCC_WARN_ABOUT_RETURN_TYPE = YES_ERROR;
				GCC_WARN_UNDECLARED_SELECTOR = YES;
				GCC_WARN_UNINITIALIZED_AUTOS = YES_AGGRESSIVE;
				GCC_WARN_UNUSED_FUNCTION = YES;
				GCC_WARN_UNUSED_VARIABLE = YES;
				IPHONEOS_DEPLOYMENT_TARGET = 12.0;
				MTL_ENABLE_DEBUG_INFO = INCLUDE_SOURCE;
				MTL_FAST_MATH = YES;
				ONLY_ACTIVE_ARCH = YES;
				SDKROOT = iphoneos;
				SWIFT_ACTIVE_COMPILATION_CONDITIONS = DEBUG;
				SWIFT_OPTIMIZATION_LEVEL = "-Onone";
			};
			name = Debug;
		};
		97D56922211EEE3000E485C5 /* Release */ = {
			isa = XCBuildConfiguration;
			buildSettings = {
				ALWAYS_SEARCH_USER_PATHS = NO;
				CLANG_ANALYZER_NONNULL = YES;
				CLANG_ANALYZER_NUMBER_OBJECT_CONVERSION = YES_AGGRESSIVE;
				CLANG_CXX_LANGUAGE_STANDARD = "gnu++14";
				CLANG_CXX_LIBRARY = "libc++";
				CLANG_ENABLE_MODULES = YES;
				CLANG_ENABLE_OBJC_ARC = YES;
				CLANG_ENABLE_OBJC_WEAK = YES;
				CLANG_WARN_BLOCK_CAPTURE_AUTORELEASING = YES;
				CLANG_WARN_BOOL_CONVERSION = YES;
				CLANG_WARN_COMMA = YES;
				CLANG_WARN_CONSTANT_CONVERSION = YES;
				CLANG_WARN_DEPRECATED_OBJC_IMPLEMENTATIONS = YES;
				CLANG_WARN_DIRECT_OBJC_ISA_USAGE = YES_ERROR;
				CLANG_WARN_DOCUMENTATION_COMMENTS = YES;
				CLANG_WARN_EMPTY_BODY = YES;
				CLANG_WARN_ENUM_CONVERSION = YES;
				CLANG_WARN_INFINITE_RECURSION = YES;
				CLANG_WARN_INT_CONVERSION = YES;
				CLANG_WARN_NON_LITERAL_NULL_CONVERSION = YES;
				CLANG_WARN_OBJC_IMPLICIT_RETAIN_SELF = YES;
				CLANG_WARN_OBJC_LITERAL_CONVERSION = YES;
				CLANG_WARN_OBJC_ROOT_CLASS = YES_ERROR;
				CLANG_WARN_QUOTED_INCLUDE_IN_FRAMEWORK_HEADER = YES;
				CLANG_WARN_RANGE_LOOP_ANALYSIS = YES;
				CLANG_WARN_STRICT_PROTOTYPES = YES;
				CLANG_WARN_SUSPICIOUS_MOVE = YES;
				CLANG_WARN_UNGUARDED_AVAILABILITY = YES_AGGRESSIVE;
				CLANG_WARN_UNREACHABLE_CODE = YES;
				CLANG_WARN__DUPLICATE_METHOD_MATCH = YES;
				CODE_SIGN_IDENTITY = "iPhone Developer";
				COPY_PHASE_STRIP = NO;
				DEBUG_INFORMATION_FORMAT = "dwarf-with-dsym";
				ENABLE_NS_ASSERTIONS = NO;
				ENABLE_STRICT_OBJC_MSGSEND = YES;
				GCC_C_LANGUAGE_STANDARD = gnu11;
				GCC_NO_COMMON_BLOCKS = YES;
				GCC_WARN_64_TO_32_BIT_CONVERSION = YES;
				GCC_WARN_ABOUT_RETURN_TYPE = YES_ERROR;
				GCC_WARN_UNDECLARED_SELECTOR = YES;
				GCC_WARN_UNINITIALIZED_AUTOS = YES_AGGRESSIVE;
				GCC_WARN_UNUSED_FUNCTION = YES;
				GCC_WARN_UNUSED_VARIABLE = YES;
				IPHONEOS_DEPLOYMENT_TARGET = 12.0;
				MTL_ENABLE_DEBUG_INFO = NO;
				MTL_FAST_MATH = YES;
				SDKROOT = iphoneos;
				SWIFT_COMPILATION_MODE = wholemodule;
				SWIFT_OPTIMIZATION_LEVEL = "-O";
				VALIDATE_PRODUCT = YES;
			};
			name = Release;
		};
		97D56924211EEE3000E485C5 /* Debug */ = {
			isa = XCBuildConfiguration;
			buildSettings = {
				ASSETCATALOG_COMPILER_APPICON_NAME = AppIcon;
				CODE_SIGN_STYLE = Automatic;
				DEVELOPMENT_TEAM = 4WZFDA97N8;
				INFOPLIST_FILE = LocationServices/Info.plist;
				LD_RUNPATH_SEARCH_PATHS = (
					"$(inherited)",
					"@executable_path/Frameworks",
				);
				PRODUCT_BUNDLE_IDENTIFIER = com.donnywals.LocationServices;
				PRODUCT_NAME = "$(TARGET_NAME)";
				SWIFT_VERSION = 5.0;
				TARGETED_DEVICE_FAMILY = "1,2";
			};
			name = Debug;
		};
		97D56925211EEE3000E485C5 /* Release */ = {
			isa = XCBuildConfiguration;
			buildSettings = {
				ASSETCATALOG_COMPILER_APPICON_NAME = AppIcon;
				CODE_SIGN_STYLE = Automatic;
				DEVELOPMENT_TEAM = 4WZFDA97N8;
				INFOPLIST_FILE = LocationServices/Info.plist;
				LD_RUNPATH_SEARCH_PATHS = (
					"$(inherited)",
					"@executable_path/Frameworks",
				);
				PRODUCT_BUNDLE_IDENTIFIER = com.donnywals.LocationServices;
				PRODUCT_NAME = "$(TARGET_NAME)";
				SWIFT_VERSION = 5.0;
				TARGETED_DEVICE_FAMILY = "1,2";
			};
			name = Release;
		};
/* End XCBuildConfiguration section */

/* Begin XCConfigurationList section */
		97D5690C211EEE2F00E485C5 /* Build configuration list for PBXProject "LocationServices" */ = {
			isa = XCConfigurationList;
			buildConfigurations = (
				97D56921211EEE3000E485C5 /* Debug */,
				97D56922211EEE3000E485C5 /* Release */,
			);
			defaultConfigurationIsVisible = 0;
			defaultConfigurationName = Release;
		};
		97D56923211EEE3000E485C5 /* Build configuration list for PBXNativeTarget "LocationServices" */ = {
			isa = XCConfigurationList;
			buildConfigurations = (
				97D56924211EEE3000E485C5 /* Debug */,
				97D56925211EEE3000E485C5 /* Release */,
			);
			defaultConfigurationIsVisible = 0;
			defaultConfigurationName = Release;
		};
/* End XCConfigurationList section */
	};
	rootObject = 97D56909211EEE2F00E485C5 /* Project object */;
}
