// !$*UTF8*$!
{
	archiveVersion = 1;
	classes = {
	};
	objectVersion = 50;
	objects = {

/* Begin PBXBuildFile section */
		8365E830245487D900455808 /* AppDelegate.swift in Sources */ = {isa = PBXBuildFile; fileRef = 8365E82F245487D900455808 /* AppDelegate.swift */; };
		8365E832245487D900455808 /* SceneDelegate.swift in Sources */ = {isa = PBXBuildFile; fileRef = 8365E831245487D900455808 /* SceneDelegate.swift */; };
		8365E834245487D900455808 /* ContentView.swift in Sources */ = {isa = PBXBuildFile; fileRef = 8365E833245487D900455808 /* ContentView.swift */; };
		8365E836245487DB00455808 /* Assets.xcassets in Resources */ = {isa = PBXBuildFile; fileRef = 8365E835245487DB00455808 /* Assets.xcassets */; };
		8365E839245487DB00455808 /* Preview Assets.xcassets in Resources */ = {isa = PBXBuildFile; fileRef = 8365E838245487DB00455808 /* Preview Assets.xcassets */; };
		8365E83C245487DB00455808 /* LaunchScreen.storyboard in Resources */ = {isa = PBXBuildFile; fileRef = 8365E83A245487DB00455808 /* LaunchScreen.storyboard */; };
/* End PBXBuildFile section */

/* Begin PBXFileReference section */
		8365E82C245487D900455808 /* Chapter 2 Dark Mode - SwiftUI.app */ = {isa = PBXFileReference; explicitFileType = wrapper.application; includeInIndex = 0; path = "Chapter 2 Dark Mode - SwiftUI.app"; sourceTree = BUILT_PRODUCTS_DIR; };
		8365E82F245487D900455808 /* AppDelegate.swift */ = {isa = PBXFileReference; lastKnownFileType = sourcecode.swift; path = AppDelegate.swift; sourceTree = "<group>"; };
		8365E831245487D900455808 /* SceneDelegate.swift */ = {isa = PBXFileReference; lastKnownFileType = sourcecode.swift; path = SceneDelegate.swift; sourceTree = "<group>"; };
		8365E833245487D900455808 /* ContentView.swift */ = {isa = PBXFileReference; lastKnownFileType = sourcecode.swift; path = ContentView.swift; sourceTree = "<group>"; };
		8365E835245487DB00455808 /* Assets.xcassets */ = {isa = PBXFileReference; lastKnownFileType = folder.assetcatalog; path = Assets.xcassets; sourceTree = "<group>"; };
		8365E838245487DB00455808 /* Preview Assets.xcassets */ = {isa = PBXFileReference; lastKnownFileType = folder.assetcatalog; path = "Preview Assets.xcassets"; sourceTree = "<group>"; };
		8365E83B245487DB00455808 /* Base */ = {isa = PBXFileReference; lastKnownFileType = file.storyboard; name = Base; path = Base.lproj/LaunchScreen.storyboard; sourceTree = "<group>"; };
		8365E83D245487DB00455808 /* Info.plist */ = {isa = PBXFileReference; lastKnownFileType = text.plist.xml; path = Info.plist; sourceTree = "<group>"; };
/* End PBXFileReference section */

/* Begin PBXFrameworksBuildPhase section */
		8365E829245487D900455808 /* Frameworks */ = {
			isa = PBXFrameworksBuildPhase;
			buildActionMask = 2147483647;
			files = (
			);
			runOnlyForDeploymentPostprocessing = 0;
		};
/* End PBXFrameworksBuildPhase section */

/* Begin PBXGroup section */
		8365E823245487D900455808 = {
			isa = PBXGroup;
			children = (
				8365E82E245487D900455808 /* Chapter 2 Dark Mode - SwiftUI */,
				8365E82D245487D900455808 /* Products */,
			);
			sourceTree = "<group>";
		};
		8365E82D245487D900455808 /* Products */ = {
			isa = PBXGroup;
			children = (
				8365E82C245487D900455808 /* Chapter 2 Dark Mode - SwiftUI.app */,
			);
			name = Products;
			sourceTree = "<group>";
		};
		8365E82E245487D900455808 /* Chapter 2 Dark Mode - SwiftUI */ = {
			isa = PBXGroup;
			children = (
				8365E82F245487D900455808 /* AppDelegate.swift */,
				8365E831245487D900455808 /* SceneDelegate.swift */,
				8365E833245487D900455808 /* ContentView.swift */,
				8365E835245487DB00455808 /* Assets.xcassets */,
				8365E83A245487DB00455808 /* LaunchScreen.storyboard */,
				8365E83D245487DB00455808 /* Info.plist */,
				8365E837245487DB00455808 /* Preview Content */,
			);
			path = "Chapter 2 Dark Mode - SwiftUI";
			sourceTree = "<group>";
		};
		8365E837245487DB00455808 /* Preview Content */ = {
			isa = PBXGroup;
			children = (
				8365E838245487DB00455808 /* Preview Assets.xcassets */,
			);
			path = "Preview Content";
			sourceTree = "<group>";
		};
/* End PBXGroup section */

/* Begin PBXNativeTarget section */
		8365E82B245487D900455808 /* Chapter 2 Dark Mode - SwiftUI */ = {
			isa = PBXNativeTarget;
			buildConfigurationList = 8365E840245487DB00455808 /* Build configuration list for PBXNativeTarget "Chapter 2 Dark Mode - SwiftUI" */;
			buildPhases = (
				8365E828245487D900455808 /* Sources */,
				8365E829245487D900455808 /* Frameworks */,
				8365E82A245487D900455808 /* Resources */,
			);
			buildRules = (
			);
			dependencies = (
			);
			name = "Chapter 2 Dark Mode - SwiftUI";
			productName = "Chapter 2 Dark Mode - SwiftUI";
			productReference = 8365E82C245487D900455808 /* Chapter 2 Dark Mode - SwiftUI.app */;
			productType = "com.apple.product-type.application";
		};
/* End PBXNativeTarget section */

/* Begin PBXProject section */
		8365E824245487D900455808 /* Project object */ = {
			isa = PBXProject;
			attributes = {
				LastSwiftUpdateCheck = 1130;
				LastUpgradeCheck = 1130;
				ORGANIZATIONNAME = Packt;
				TargetAttributes = {
					8365E82B245487D900455808 = {
						CreatedOnToolsVersion = 11.3;
					};
				};
			};
			buildConfigurationList = 8365E827245487D900455808 /* Build configuration list for PBXProject "Chapter 2 Dark Mode - SwiftUI" */;
			compatibilityVersion = "Xcode 9.3";
			developmentRegion = en;
			hasScannedForEncodings = 0;
			knownRegions = (
				en,
				Base,
			);
			mainGroup = 8365E823245487D900455808;
			productRefGroup = 8365E82D245487D900455808 /* Products */;
			projectDirPath = "";
			projectRoot = "";
			targets = (
				8365E82B245487D900455808 /* Chapter 2 Dark Mode - SwiftUI */,
			);
		};
/* End PBXProject section */

/* Begin PBXResourcesBuildPhase section */
		8365E82A245487D900455808 /* Resources */ = {
			isa = PBXResourcesBuildPhase;
			buildActionMask = 2147483647;
			files = (
				8365E83C245487DB00455808 /* LaunchScreen.storyboard in Resources */,
				8365E839245487DB00455808 /* Preview Assets.xcassets in Resources */,
				8365E836245487DB00455808 /* Assets.xcassets in Resources */,
			);
			runOnlyForDeploymentPostprocessing = 0;
		};
/* End PBXResourcesBuildPhase section */

/* Begin PBXSourcesBuildPhase section */
		8365E828245487D900455808 /* Sources */ = {
			isa = PBXSourcesBuildPhase;
			buildActionMask = 2147483647;
			files = (
				8365E830245487D900455808 /* AppDelegate.swift in Sources */,
				8365E832245487D900455808 /* SceneDelegate.swift in Sources */,
				8365E834245487D900455808 /* ContentView.swift in Sources */,
			);
			runOnlyForDeploymentPostprocessing = 0;
		};
/* End PBXSourcesBuildPhase section */

/* Begin PBXVariantGroup section */
		8365E83A245487DB00455808 /* LaunchScreen.storyboard */ = {
			isa = PBXVariantGroup;
			children = (
				8365E83B245487DB00455808 /* Base */,
			);
			name = LaunchScreen.storyboard;
			sourceTree = "<group>";
		};
/* End PBXVariantGroup section */

/* Begin XCBuildConfiguration section */
		8365E83E245487DB00455808 /* Debug */ = {
			isa = XCBuildConfiguration;
			buildSettings = {
				ALWAYS_SEARCH_USER_PATHS = NO;
				CLANG_ANALYZER_NONNULL = YES;
				CLANG_ANALYZER_NUMBER_OBJECT_CONVERSION = YES_AGGRESSIVE;
				CLANG_CXX_LANGUAGE_STANDARD = "gnu++14";
				CLANG_CXX_LIBRARY = "libc++";
				CLANG_ENABLE_MODULES = YES;
				CLANG_ENABLE_OBJC_ARC = YES;
				CLANG_ENABLE_OBJC_WEAK = YES;
				CLANG_WARN_BLOCK_CAPTURE_AUTORELEASING = YES;
				CLANG_WARN_BOOL_CONVERSION = YES;
				CLANG_WARN_COMMA = YES;
				CLANG_WARN_CONSTANT_CONVERSION = YES;
				CLANG_WARN_DEPRECATED_OBJC_IMPLEMENTATIONS = YES;
				CLANG_WARN_DIRECT_OBJC_ISA_USAGE = YES_ERROR;
				CLANG_WARN_DOCUMENTATION_COMMENTS = YES;
				CLANG_WARN_EMPTY_BODY = YES;
				CLANG_WARN_ENUM_CONVERSION = YES;
				CLANG_WARN_INFINITE_RECURSION = YES;
				CLANG_WARN_INT_CONVERSION = YES;
				CLANG_WARN_NON_LITERAL_NULL_CONVERSION = YES;
				CLANG_WARN_OBJC_IMPLICIT_RETAIN_SELF = YES;
				CLANG_WARN_OBJC_LITERAL_CONVERSION = YES;
				CLANG_WARN_OBJC_ROOT_CLASS = YES_ERROR;
				CLANG_WARN_RANGE_LOOP_ANALYSIS = YES;
				CLANG_WARN_STRICT_PROTOTYPES = YES;
				CLANG_WARN_SUSPICIOUS_MOVE = YES;
				CLANG_WARN_UNGUARDED_AVAILABILITY = YES_AGGRESSIVE;
				CLANG_WARN_UNREACHABLE_CODE = YES;
				CLANG_WARN__DUPLICATE_METHOD_MATCH = YES;
				COPY_PHASE_STRIP = NO;
				DEBUG_INFORMATION_FORMAT = dwarf;
				ENABLE_STRICT_OBJC_MSGSEND = YES;
				ENABLE_TESTABILITY = YES;
				GCC_C_LANGUAGE_STANDARD = gnu11;
				GCC_DYNAMIC_NO_PIC = NO;
				GCC_NO_COMMON_BLOCKS = YES;
				GCC_OPTIMIZATION_LEVEL = 0;
				GCC_PREPROCESSOR_DEFINITIONS = (
					"DEBUG=1",
					"$(inherited)",
				);
				GCC_WARN_64_TO_32_BIT_CONVERSION = YES;
				GCC_WARN_ABOUT_RETURN_TYPE = YES_ERROR;
				GCC_WARN_UNDECLARED_SELECTOR = YES;
				GCC_WARN_UNINITIALIZED_AUTOS = YES_AGGRESSIVE;
				GCC_WARN_UNUSED_FUNCTION = YES;
				GCC_WARN_UNUSED_VARIABLE = YES;
				IPHONEOS_DEPLOYMENT_TARGET = 13.2;
				MTL_ENABLE_DEBUG_INFO = INCLUDE_SOURCE;
				MTL_FAST_MATH = YES;
				ONLY_ACTIVE_ARCH = YES;
				SDKROOT = iphoneos;
				SWIFT_ACTIVE_COMPILATION_CONDITIONS = DEBUG;
				SWIFT_OPTIMIZATION_LEVEL = "-Onone";
			};
			name = Debug;
		};
		8365E83F245487DB00455808 /* Release */ = {
			isa = XCBuildConfiguration;
			buildSettings = {
				ALWAYS_SEARCH_USER_PATHS = NO;
				CLANG_ANALYZER_NONNULL = YES;
				CLANG_ANALYZER_NUMBER_OBJECT_CONVERSION = YES_AGGRESSIVE;
				CLANG_CXX_LANGUAGE_STANDARD = "gnu++14";
				CLANG_CXX_LIBRARY = "libc++";
				CLANG_ENABLE_MODULES = YES;
				CLANG_ENABLE_OBJC_ARC = YES;
				CLANG_ENABLE_OBJC_WEAK = YES;
				CLANG_WARN_BLOCK_CAPTURE_AUTORELEASING = YES;
				CLANG_WARN_BOOL_CONVERSION = YES;
				CLANG_WARN_COMMA = YES;
				CLANG_WARN_CONSTANT_CONVERSION = YES;
				CLANG_WARN_DEPRECATED_OBJC_IMPLEMENTATIONS = YES;
				CLANG_WARN_DIRECT_OBJC_ISA_USAGE = YES_ERROR;
				CLANG_WARN_DOCUMENTATION_COMMENTS = YES;
				CLANG_WARN_EMPTY_BODY = YES;
				CLANG_WARN_ENUM_CONVERSION = YES;
				CLANG_WARN_INFINITE_RECURSION = YES;
				CLANG_WARN_INT_CONVERSION = YES;
				CLANG_WARN_NON_LITERAL_NULL_CONVERSION = YES;
				CLANG_WARN_OBJC_IMPLICIT_RETAIN_SELF = YES;
				CLANG_WARN_OBJC_LITERAL_CONVERSION = YES;
				CLANG_WARN_OBJC_ROOT_CLASS = YES_ERROR;
				CLANG_WARN_RANGE_LOOP_ANALYSIS = YES;
				CLANG_WARN_STRICT_PROTOTYPES = YES;
				CLANG_WARN_SUSPICIOUS_MOVE = YES;
				CLANG_WARN_UNGUARDED_AVAILABILITY = YES_AGGRESSIVE;
				CLANG_WARN_UNREACHABLE_CODE = YES;
				CLANG_WARN__DUPLICATE_METHOD_MATCH = YES;
				COPY_PHASE_STRIP = NO;
				DEBUG_INFORMATION_FORMAT = "dwarf-with-dsym";
				ENABLE_NS_ASSERTIONS = NO;
				ENABLE_STRICT_OBJC_MSGSEND = YES;
				GCC_C_LANGUAGE_STANDARD = gnu11;
				GCC_NO_COMMON_BLOCKS = YES;
				GCC_WARN_64_TO_32_BIT_CONVERSION = YES;
				GCC_WARN_ABOUT_RETURN_TYPE = YES_ERROR;
				GCC_WARN_UNDECLARED_SELECTOR = YES;
				GCC_WARN_UNINITIALIZED_AUTOS = YES_AGGRESSIVE;
				GCC_WARN_UNUSED_FUNCTION = YES;
				GCC_WARN_UNUSED_VARIABLE = YES;
				IPHONEOS_DEPLOYMENT_TARGET = 13.2;
				MTL_ENABLE_DEBUG_INFO = NO;
				MTL_FAST_MATH = YES;
				SDKROOT = iphoneos;
				SWIFT_COMPILATION_MODE = wholemodule;
				SWIFT_OPTIMIZATION_LEVEL = "-O";
				VALIDATE_PRODUCT = YES;
			};
			name = Release;
		};
		8365E841245487DB00455808 /* Debug */ = {
			isa = XCBuildConfiguration;
			buildSettings = {
				ASSETCATALOG_COMPILER_APPICON_NAME = AppIcon;
				CODE_SIGN_STYLE = Automatic;
				DEVELOPMENT_ASSET_PATHS = "\"Chapter 2 Dark Mode - SwiftUI/Preview Content\"";
				DEVELOPMENT_TEAM = C233LQUF2Z;
				ENABLE_PREVIEWS = YES;
				INFOPLIST_FILE = "Chapter 2 Dark Mode - SwiftUI/Info.plist";
				LD_RUNPATH_SEARCH_PATHS = (
					"$(inherited)",
					"@executable_path/Frameworks",
				);
				PRODUCT_BUNDLE_IDENTIFIER = "net.cocoa-cabana.Chapter-2-Dark-Mode---SwiftUI";
				PRODUCT_NAME = "$(TARGET_NAME)";
				SWIFT_VERSION = 5.0;
				TARGETED_DEVICE_FAMILY = "1,2";
			};
			name = Debug;
		};
		8365E842245487DB00455808 /* Release */ = {
			isa = XCBuildConfiguration;
			buildSettings = {
				ASSETCATALOG_COMPILER_APPICON_NAME = AppIcon;
				CODE_SIGN_STYLE = Automatic;
				DEVELOPMENT_ASSET_PATHS = "\"Chapter 2 Dark Mode - SwiftUI/Preview Content\"";
				DEVELOPMENT_TEAM = C233LQUF2Z;
				ENABLE_PREVIEWS = YES;
				INFOPLIST_FILE = "Chapter 2 Dark Mode - SwiftUI/Info.plist";
				LD_RUNPATH_SEARCH_PATHS = (
					"$(inherited)",
					"@executable_path/Frameworks",
				);
				PRODUCT_BUNDLE_IDENTIFIER = "net.cocoa-cabana.Chapter-2-Dark-Mode---SwiftUI";
				PRODUCT_NAME = "$(TARGET_NAME)";
				SWIFT_VERSION = 5.0;
				TARGETED_DEVICE_FAMILY = "1,2";
			};
			name = Release;
		};
/* End XCBuildConfiguration section */

/* Begin XCConfigurationList section */
		8365E827245487D900455808 /* Build configuration list for PBXProject "Chapter 2 Dark Mode - SwiftUI" */ = {
			isa = XCConfigurationList;
			buildConfigurations = (
				8365E83E245487DB00455808 /* Debug */,
				8365E83F245487DB00455808 /* Release */,
			);
			defaultConfigurationIsVisible = 0;
			defaultConfigurationName = Release;
		};
		8365E840245487DB00455808 /* Build configuration list for PBXNativeTarget "Chapter 2 Dark Mode - SwiftUI" */ = {
			isa = XCConfigurationList;
			buildConfigurations = (
				8365E841245487DB00455808 /* Debug */,
				8365E842245487DB00455808 /* Release */,
			);
			defaultConfigurationIsVisible = 0;
			defaultConfigurationName = Release;
		};
/* End XCConfigurationList section */
	};
	rootObject = 8365E824245487D900455808 /* Project object */;
}
