// !$*UTF8*$!
{
	archiveVersion = 1;
	classes = {
	};
	objectVersion = 50;
	objects = {

/* Begin PBXBuildFile section */
		30A74B9324E149BC00EEC87B /* one.mp3 in Resources */ = {isa = PBXBuildFile; fileRef = 30A74B9024E149BC00EEC87B /* one.mp3 */; };
		30A74B9424E149BC00EEC87B /* two.mp3 in Resources */ = {isa = PBXBuildFile; fileRef = 30A74B9124E149BC00EEC87B /* two.mp3 */; };
		30A74B9524E149BC00EEC87B /* three.mp3 in Resources */ = {isa = PBXBuildFile; fileRef = 30A74B9224E149BC00EEC87B /* three.mp3 */; };
		30C6207124E012900075DAF5 /* samplevideo.mp4 in Resources */ = {isa = PBXBuildFile; fileRef = 30C6207024E012900075DAF5 /* samplevideo.mp4 */; };
		97A837FA213576F200FDB0A6 /* AppDelegate.swift in Sources */ = {isa = PBXBuildFile; fileRef = 97A837F9213576F200FDB0A6 /* AppDelegate.swift */; };
		97A837FF213576F200FDB0A6 /* Main.storyboard in Resources */ = {isa = PBXBuildFile; fileRef = 97A837FD213576F200FDB0A6 /* Main.storyboard */; };
		97A83801213576F300FDB0A6 /* Assets.xcassets in Resources */ = {isa = PBXBuildFile; fileRef = 97A83800213576F300FDB0A6 /* Assets.xcassets */; };
		97A83804213576F300FDB0A6 /* LaunchScreen.storyboard in Resources */ = {isa = PBXBuildFile; fileRef = 97A83802213576F300FDB0A6 /* LaunchScreen.storyboard */; };
		97A8380E2135771000FDB0A6 /* AudioViewController.swift in Sources */ = {isa = PBXBuildFile; fileRef = 97A8380C2135770A00FDB0A6 /* AudioViewController.swift */; };
		97A8380F2135771300FDB0A6 /* VideoViewController.swift in Sources */ = {isa = PBXBuildFile; fileRef = 97A8380D2135770A00FDB0A6 /* VideoViewController.swift */; };
/* End PBXBuildFile section */

/* Begin PBXFileReference section */
		30A74B9024E149BC00EEC87B /* one.mp3 */ = {isa = PBXFileReference; lastKnownFileType = audio.mp3; path = one.mp3; sourceTree = "<group>"; };
		30A74B9124E149BC00EEC87B /* two.mp3 */ = {isa = PBXFileReference; lastKnownFileType = audio.mp3; path = two.mp3; sourceTree = "<group>"; };
		30A74B9224E149BC00EEC87B /* three.mp3 */ = {isa = PBXFileReference; lastKnownFileType = audio.mp3; path = three.mp3; sourceTree = "<group>"; };
		30C6207024E012900075DAF5 /* samplevideo.mp4 */ = {isa = PBXFileReference; lastKnownFileType = file; path = samplevideo.mp4; sourceTree = "<group>"; };
		97A837F6213576F200FDB0A6 /* MediaPlayback.app */ = {isa = PBXFileReference; explicitFileType = wrapper.application; includeInIndex = 0; path = MediaPlayback.app; sourceTree = BUILT_PRODUCTS_DIR; };
		97A837F9213576F200FDB0A6 /* AppDelegate.swift */ = {isa = PBXFileReference; lastKnownFileType = sourcecode.swift; path = AppDelegate.swift; sourceTree = "<group>"; };
		97A837FE213576F200FDB0A6 /* Base */ = {isa = PBXFileReference; lastKnownFileType = file.storyboard; name = Base; path = Base.lproj/Main.storyboard; sourceTree = "<group>"; };
		97A83800213576F300FDB0A6 /* Assets.xcassets */ = {isa = PBXFileReference; lastKnownFileType = folder.assetcatalog; path = Assets.xcassets; sourceTree = "<group>"; };
		97A83803213576F300FDB0A6 /* Base */ = {isa = PBXFileReference; lastKnownFileType = file.storyboard; name = Base; path = Base.lproj/LaunchScreen.storyboard; sourceTree = "<group>"; };
		97A83805213576F300FDB0A6 /* Info.plist */ = {isa = PBXFileReference; lastKnownFileType = text.plist.xml; path = Info.plist; sourceTree = "<group>"; };
		97A8380C2135770A00FDB0A6 /* AudioViewController.swift */ = {isa = PBXFileReference; lastKnownFileType = sourcecode.swift; path = AudioViewController.swift; sourceTree = "<group>"; };
		97A8380D2135770A00FDB0A6 /* VideoViewController.swift */ = {isa = PBXFileReference; lastKnownFileType = sourcecode.swift; path = VideoViewController.swift; sourceTree = "<group>"; };
/* End PBXFileReference section */

/* Begin PBXFrameworksBuildPhase section */
		97A837F3213576F200FDB0A6 /* Frameworks */ = {
			isa = PBXFrameworksBuildPhase;
			buildActionMask = 2147483647;
			files = (
			);
			runOnlyForDeploymentPostprocessing = 0;
		};
/* End PBXFrameworksBuildPhase section */

/* Begin PBXGroup section */
		97A837ED213576F200FDB0A6 = {
			isa = PBXGroup;
			children = (
				30A74B9024E149BC00EEC87B /* one.mp3 */,
				30A74B9224E149BC00EEC87B /* three.mp3 */,
				30A74B9124E149BC00EEC87B /* two.mp3 */,
				30C6207024E012900075DAF5 /* samplevideo.mp4 */,
				97A837F8213576F200FDB0A6 /* MediaPlayback */,
				97A837F7213576F200FDB0A6 /* Products */,
			);
			sourceTree = "<group>";
		};
		97A837F7213576F200FDB0A6 /* Products */ = {
			isa = PBXGroup;
			children = (
				97A837F6213576F200FDB0A6 /* MediaPlayback.app */,
			);
			name = Products;
			sourceTree = "<group>";
		};
		97A837F8213576F200FDB0A6 /* MediaPlayback */ = {
			isa = PBXGroup;
			children = (
				97A8380B2135770A00FDB0A6 /* ViewControllers */,
				97A837F9213576F200FDB0A6 /* AppDelegate.swift */,
				97A837FD213576F200FDB0A6 /* Main.storyboard */,
				97A83800213576F300FDB0A6 /* Assets.xcassets */,
				97A83802213576F300FDB0A6 /* LaunchScreen.storyboard */,
				97A83805213576F300FDB0A6 /* Info.plist */,
			);
			path = MediaPlayback;
			sourceTree = "<group>";
		};
		97A8380B2135770A00FDB0A6 /* ViewControllers */ = {
			isa = PBXGroup;
			children = (
				97A8380C2135770A00FDB0A6 /* AudioViewController.swift */,
				97A8380D2135770A00FDB0A6 /* VideoViewController.swift */,
			);
			path = ViewControllers;
			sourceTree = "<group>";
		};
/* End PBXGroup section */

/* Begin PBXNativeTarget section */
		97A837F5213576F200FDB0A6 /* MediaPlayback */ = {
			isa = PBXNativeTarget;
			buildConfigurationList = 97A83808213576F300FDB0A6 /* Build configuration list for PBXNativeTarget "MediaPlayback" */;
			buildPhases = (
				97A837F2213576F200FDB0A6 /* Sources */,
				97A837F3213576F200FDB0A6 /* Frameworks */,
				97A837F4213576F200FDB0A6 /* Resources */,
			);
			buildRules = (
			);
			dependencies = (
			);
			name = MediaPlayback;
			productName = MediaPlayback;
			productReference = 97A837F6213576F200FDB0A6 /* MediaPlayback.app */;
			productType = "com.apple.product-type.application";
		};
/* End PBXNativeTarget section */

/* Begin PBXProject section */
		97A837EE213576F200FDB0A6 /* Project object */ = {
			isa = PBXProject;
			attributes = {
				LastSwiftUpdateCheck = 1000;
				LastUpgradeCheck = 1200;
				ORGANIZATIONNAME = "Donny Wals";
				TargetAttributes = {
					97A837F5213576F200FDB0A6 = {
						CreatedOnToolsVersion = 10.0;
						LastSwiftMigration = 1200;
						SystemCapabilities = {
							com.apple.BackgroundModes = {
								enabled = 1;
							};
						};
					};
				};
			};
			buildConfigurationList = 97A837F1213576F200FDB0A6 /* Build configuration list for PBXProject "MediaPlayback" */;
			compatibilityVersion = "Xcode 9.3";
			developmentRegion = en;
			hasScannedForEncodings = 0;
			knownRegions = (
				en,
				Base,
			);
			mainGroup = 97A837ED213576F200FDB0A6;
			productRefGroup = 97A837F7213576F200FDB0A6 /* Products */;
			projectDirPath = "";
			projectRoot = "";
			targets = (
				97A837F5213576F200FDB0A6 /* MediaPlayback */,
			);
		};
/* End PBXProject section */

/* Begin PBXResourcesBuildPhase section */
		97A837F4213576F200FDB0A6 /* Resources */ = {
			isa = PBXResourcesBuildPhase;
			buildActionMask = 2147483647;
			files = (
				30A74B9324E149BC00EEC87B /* one.mp3 in Resources */,
				30A74B9424E149BC00EEC87B /* two.mp3 in Resources */,
				30A74B9524E149BC00EEC87B /* three.mp3 in Resources */,
				30C6207124E012900075DAF5 /* samplevideo.mp4 in Resources */,
				97A83804213576F300FDB0A6 /* LaunchScreen.storyboard in Resources */,
				97A83801213576F300FDB0A6 /* Assets.xcassets in Resources */,
				97A837FF213576F200FDB0A6 /* Main.storyboard in Resources */,
			);
			runOnlyForDeploymentPostprocessing = 0;
		};
/* End PBXResourcesBuildPhase section */

/* Begin PBXSourcesBuildPhase section */
		97A837F2213576F200FDB0A6 /* Sources */ = {
			isa = PBXSourcesBuildPhase;
			buildActionMask = 2147483647;
			files = (
				97A837FA213576F200FDB0A6 /* AppDelegate.swift in Sources */,
				97A8380F2135771300FDB0A6 /* VideoViewController.swift in Sources */,
				97A8380E2135771000FDB0A6 /* AudioViewController.swift in Sources */,
			);
			runOnlyForDeploymentPostprocessing = 0;
		};
/* End PBXSourcesBuildPhase section */

/* Begin PBXVariantGroup section */
		97A837FD213576F200FDB0A6 /* Main.storyboard */ = {
			isa = PBXVariantGroup;
			children = (
				97A837FE213576F200FDB0A6 /* Base */,
			);
			name = Main.storyboard;
			sourceTree = "<group>";
		};
		97A83802213576F300FDB0A6 /* LaunchScreen.storyboard */ = {
			isa = PBXVariantGroup;
			children = (
				97A83803213576F300FDB0A6 /* Base */,
			);
			name = LaunchScreen.storyboard;
			sourceTree = "<group>";
		};
/* End PBXVariantGroup section */

/* Begin XCBuildConfiguration section */
		97A83806213576F300FDB0A6 /* Debug */ = {
			isa = XCBuildConfiguration;
			buildSettings = {
				ALWAYS_SEARCH_USER_PATHS = NO;
				CLANG_ANALYZER_NONNULL = YES;
				CLANG_ANALYZER_NUMBER_OBJECT_CONVERSION = YES_AGGRESSIVE;
				CLANG_CXX_LANGUAGE_STANDARD = "gnu++14";
				CLANG_CXX_LIBRARY = "libc++";
				CLANG_ENABLE_MODULES = YES;
				CLANG_ENABLE_OBJC_ARC = YES;
				CLANG_ENABLE_OBJC_WEAK = YES;
				CLANG_WARN_BLOCK_CAPTURE_AUTORELEASING = YES;
				CLANG_WARN_BOOL_CONVERSION = YES;
				CLANG_WARN_COMMA = YES;
				CLANG_WARN_CONSTANT_CONVERSION = YES;
				CLANG_WARN_DEPRECATED_OBJC_IMPLEMENTATIONS = YES;
				CLANG_WARN_DIRECT_OBJC_ISA_USAGE = YES_ERROR;
				CLANG_WARN_DOCUMENTATION_COMMENTS = YES;
				CLANG_WARN_EMPTY_BODY = YES;
				CLANG_WARN_ENUM_CONVERSION = YES;
				CLANG_WARN_INFINITE_RECURSION = YES;
				CLANG_WARN_INT_CONVERSION = YES;
				CLANG_WARN_NON_LITERAL_NULL_CONVERSION = YES;
				CLANG_WARN_OBJC_IMPLICIT_RETAIN_SELF = YES;
				CLANG_WARN_OBJC_LITERAL_CONVERSION = YES;
				CLANG_WARN_OBJC_ROOT_CLASS = YES_ERROR;
				CLANG_WARN_QUOTED_INCLUDE_IN_FRAMEWORK_HEADER = YES;
				CLANG_WARN_RANGE_LOOP_ANALYSIS = YES;
				CLANG_WARN_STRICT_PROTOTYPES = YES;
				CLANG_WARN_SUSPICIOUS_MOVE = YES;
				CLANG_WARN_UNGUARDED_AVAILABILITY = YES_AGGRESSIVE;
				CLANG_WARN_UNREACHABLE_CODE = YES;
				CLANG_WARN__DUPLICATE_METHOD_MATCH = YES;
				CODE_SIGN_IDENTITY = "iPhone Developer";
				COPY_PHASE_STRIP = NO;
				DEBUG_INFORMATION_FORMAT = dwarf;
				ENABLE_STRICT_OBJC_MSGSEND = YES;
				ENABLE_TESTABILITY = YES;
				GCC_C_LANGUAGE_STANDARD = gnu11;
				GCC_DYNAMIC_NO_PIC = NO;
				GCC_NO_COMMON_BLOCKS = YES;
				GCC_OPTIMIZATION_LEVEL = 0;
				GCC_PREPROCESSOR_DEFINITIONS = (
					"DEBUG=1",
					"$(inherited)",
				);
				GCC_WARN_64_TO_32_BIT_CONVERSION = YES;
				GCC_WARN_ABOUT_RETURN_TYPE = YES_ERROR;
				GCC_WARN_UNDECLARED_SELECTOR = YES;
				GCC_WARN_UNINITIALIZED_AUTOS = YES_AGGRESSIVE;
				GCC_WARN_UNUSED_FUNCTION = YES;
				GCC_WARN_UNUSED_VARIABLE = YES;
				IPHONEOS_DEPLOYMENT_TARGET = 12.0;
				MTL_ENABLE_DEBUG_INFO = INCLUDE_SOURCE;
				MTL_FAST_MATH = YES;
				ONLY_ACTIVE_ARCH = YES;
				SDKROOT = iphoneos;
				SWIFT_ACTIVE_COMPILATION_CONDITIONS = DEBUG;
				SWIFT_OPTIMIZATION_LEVEL = "-Onone";
			};
			name = Debug;
		};
		97A83807213576F300FDB0A6 /* Release */ = {
			isa = XCBuildConfiguration;
			buildSettings = {
				ALWAYS_SEARCH_USER_PATHS = NO;
				CLANG_ANALYZER_NONNULL = YES;
				CLANG_ANALYZER_NUMBER_OBJECT_CONVERSION = YES_AGGRESSIVE;
				CLANG_CXX_LANGUAGE_STANDARD = "gnu++14";
				CLANG_CXX_LIBRARY = "libc++";
				CLANG_ENABLE_MODULES = YES;
				CLANG_ENABLE_OBJC_ARC = YES;
				CLANG_ENABLE_OBJC_WEAK = YES;
				CLANG_WARN_BLOCK_CAPTURE_AUTORELEASING = YES;
				CLANG_WARN_BOOL_CONVERSION = YES;
				CLANG_WARN_COMMA = YES;
				CLANG_WARN_CONSTANT_CONVERSION = YES;
				CLANG_WARN_DEPRECATED_OBJC_IMPLEMENTATIONS = YES;
				CLANG_WARN_DIRECT_OBJC_ISA_USAGE = YES_ERROR;
				CLANG_WARN_DOCUMENTATION_COMMENTS = YES;
				CLANG_WARN_EMPTY_BODY = YES;
				CLANG_WARN_ENUM_CONVERSION = YES;
				CLANG_WARN_INFINITE_RECURSION = YES;
				CLANG_WARN_INT_CONVERSION = YES;
				CLANG_WARN_NON_LITERAL_NULL_CONVERSION = YES;
				CLANG_WARN_OBJC_IMPLICIT_RETAIN_SELF = YES;
				CLANG_WARN_OBJC_LITERAL_CONVERSION = YES;
				CLANG_WARN_OBJC_ROOT_CLASS = YES_ERROR;
				CLANG_WARN_QUOTED_INCLUDE_IN_FRAMEWORK_HEADER = YES;
				CLANG_WARN_RANGE_LOOP_ANALYSIS = YES;
				CLANG_WARN_STRICT_PROTOTYPES = YES;
				CLANG_WARN_SUSPICIOUS_MOVE = YES;
				CLANG_WARN_UNGUARDED_AVAILABILITY = YES_AGGRESSIVE;
				CLANG_WARN_UNREACHABLE_CODE = YES;
				CLANG_WARN__DUPLICATE_METHOD_MATCH = YES;
				CODE_SIGN_IDENTITY = "iPhone Developer";
				COPY_PHASE_STRIP = NO;
				DEBUG_INFORMATION_FORMAT = "dwarf-with-dsym";
				ENABLE_NS_ASSERTIONS = NO;
				ENABLE_STRICT_OBJC_MSGSEND = YES;
				GCC_C_LANGUAGE_STANDARD = gnu11;
				GCC_NO_COMMON_BLOCKS = YES;
				GCC_WARN_64_TO_32_BIT_CONVERSION = YES;
				GCC_WARN_ABOUT_RETURN_TYPE = YES_ERROR;
				GCC_WARN_UNDECLARED_SELECTOR = YES;
				GCC_WARN_UNINITIALIZED_AUTOS = YES_AGGRESSIVE;
				GCC_WARN_UNUSED_FUNCTION = YES;
				GCC_WARN_UNUSED_VARIABLE = YES;
				IPHONEOS_DEPLOYMENT_TARGET = 12.0;
				MTL_ENABLE_DEBUG_INFO = NO;
				MTL_FAST_MATH = YES;
				SDKROOT = iphoneos;
				SWIFT_COMPILATION_MODE = wholemodule;
				SWIFT_OPTIMIZATION_LEVEL = "-O";
				VALIDATE_PRODUCT = YES;
			};
			name = Release;
		};
		97A83809213576F300FDB0A6 /* Debug */ = {
			isa = XCBuildConfiguration;
			buildSettings = {
				ASSETCATALOG_COMPILER_APPICON_NAME = AppIcon;
				CODE_SIGN_STYLE = Automatic;
				DEVELOPMENT_TEAM = 4WZFDA97N8;
				INFOPLIST_FILE = MediaPlayback/Info.plist;
				LD_RUNPATH_SEARCH_PATHS = (
					"$(inherited)",
					"@executable_path/Frameworks",
				);
				PRODUCT_BUNDLE_IDENTIFIER = com.donnywals.MediaPlayback;
				PRODUCT_NAME = "$(TARGET_NAME)";
				SWIFT_VERSION = 5.0;
				TARGETED_DEVICE_FAMILY = "1,2";
			};
			name = Debug;
		};
		97A8380A213576F300FDB0A6 /* Release */ = {
			isa = XCBuildConfiguration;
			buildSettings = {
				ASSETCATALOG_COMPILER_APPICON_NAME = AppIcon;
				CODE_SIGN_STYLE = Automatic;
				DEVELOPMENT_TEAM = 4WZFDA97N8;
				INFOPLIST_FILE = MediaPlayback/Info.plist;
				LD_RUNPATH_SEARCH_PATHS = (
					"$(inherited)",
					"@executable_path/Frameworks",
				);
				PRODUCT_BUNDLE_IDENTIFIER = com.donnywals.MediaPlayback;
				PRODUCT_NAME = "$(TARGET_NAME)";
				SWIFT_VERSION = 5.0;
				TARGETED_DEVICE_FAMILY = "1,2";
			};
			name = Release;
		};
/* End XCBuildConfiguration section */

/* Begin XCConfigurationList section */
		97A837F1213576F200FDB0A6 /* Build configuration list for PBXProject "MediaPlayback" */ = {
			isa = XCConfigurationList;
			buildConfigurations = (
				97A83806213576F300FDB0A6 /* Debug */,
				97A83807213576F300FDB0A6 /* Release */,
			);
			defaultConfigurationIsVisible = 0;
			defaultConfigurationName = Release;
		};
		97A83808213576F300FDB0A6 /* Build configuration list for PBXNativeTarget "MediaPlayback" */ = {
			isa = XCConfigurationList;
			buildConfigurations = (
				97A83809213576F300FDB0A6 /* Debug */,
				97A8380A213576F300FDB0A6 /* Release */,
			);
			defaultConfigurationIsVisible = 0;
			defaultConfigurationName = Release;
		};
/* End XCConfigurationList section */
	};
	rootObject = 97A837EE213576F200FDB0A6 /* Project object */;
}
