// !$*UTF8*$!
{
	archiveVersion = 1;
	classes = {
	};
	objectVersion = 50;
	objects = {

/* Begin PBXBuildFile section */
		30F6BACE2580CF77004B5D88 /* AppDelegate.swift in Sources */ = {isa = PBXBuildFile; fileRef = 30F6BACD2580CF77004B5D88 /* AppDelegate.swift */; };
		30F6BAD02580CF77004B5D88 /* SceneDelegate.swift in Sources */ = {isa = PBXBuildFile; fileRef = 30F6BACF2580CF77004B5D88 /* SceneDelegate.swift */; };
		30F6BAD22580CF77004B5D88 /* CameraViewController.swift in Sources */ = {isa = PBXBuildFile; fileRef = 30F6BAD12580CF77004B5D88 /* CameraViewController.swift */; };
		30F6BAD52580CF77004B5D88 /* Main.storyboard in Resources */ = {isa = PBXBuildFile; fileRef = 30F6BAD32580CF77004B5D88 /* Main.storyboard */; };
		30F6BAD72580CF78004B5D88 /* Assets.xcassets in Resources */ = {isa = PBXBuildFile; fileRef = 30F6BAD62580CF78004B5D88 /* Assets.xcassets */; };
		30F6BADA2580CF78004B5D88 /* LaunchScreen.storyboard in Resources */ = {isa = PBXBuildFile; fileRef = 30F6BAD82580CF78004B5D88 /* LaunchScreen.storyboard */; };
		30F6BAE82580DC48004B5D88 /* CameraView.swift in Sources */ = {isa = PBXBuildFile; fileRef = 30F6BAE72580DC48004B5D88 /* CameraView.swift */; };
/* End PBXBuildFile section */

/* Begin PBXFileReference section */
		30F6BACA2580CF77004B5D88 /* HandDetection.app */ = {isa = PBXFileReference; explicitFileType = wrapper.application; includeInIndex = 0; path = HandDetection.app; sourceTree = BUILT_PRODUCTS_DIR; };
		30F6BACD2580CF77004B5D88 /* AppDelegate.swift */ = {isa = PBXFileReference; lastKnownFileType = sourcecode.swift; path = AppDelegate.swift; sourceTree = "<group>"; };
		30F6BACF2580CF77004B5D88 /* SceneDelegate.swift */ = {isa = PBXFileReference; lastKnownFileType = sourcecode.swift; path = SceneDelegate.swift; sourceTree = "<group>"; };
		30F6BAD12580CF77004B5D88 /* CameraViewController.swift */ = {isa = PBXFileReference; lastKnownFileType = sourcecode.swift; path = CameraViewController.swift; sourceTree = "<group>"; };
		30F6BAD42580CF77004B5D88 /* Base */ = {isa = PBXFileReference; lastKnownFileType = file.storyboard; name = Base; path = Base.lproj/Main.storyboard; sourceTree = "<group>"; };
		30F6BAD62580CF78004B5D88 /* Assets.xcassets */ = {isa = PBXFileReference; lastKnownFileType = folder.assetcatalog; path = Assets.xcassets; sourceTree = "<group>"; };
		30F6BAD92580CF78004B5D88 /* Base */ = {isa = PBXFileReference; lastKnownFileType = file.storyboard; name = Base; path = Base.lproj/LaunchScreen.storyboard; sourceTree = "<group>"; };
		30F6BADB2580CF78004B5D88 /* Info.plist */ = {isa = PBXFileReference; lastKnownFileType = text.plist.xml; path = Info.plist; sourceTree = "<group>"; };
		30F6BAE72580DC48004B5D88 /* CameraView.swift */ = {isa = PBXFileReference; lastKnownFileType = sourcecode.swift; path = CameraView.swift; sourceTree = "<group>"; };
		30F6BAEB2580DE6D004B5D88 /* HandPose.entitlements */ = {isa = PBXFileReference; fileEncoding = 4; lastKnownFileType = text.plist.entitlements; path = HandPose.entitlements; sourceTree = "<group>"; };
/* End PBXFileReference section */

/* Begin PBXFrameworksBuildPhase section */
		30F6BAC72580CF77004B5D88 /* Frameworks */ = {
			isa = PBXFrameworksBuildPhase;
			buildActionMask = 2147483647;
			files = (
			);
			runOnlyForDeploymentPostprocessing = 0;
		};
/* End PBXFrameworksBuildPhase section */

/* Begin PBXGroup section */
		30F6BAC12580CF77004B5D88 = {
			isa = PBXGroup;
			children = (
				30F6BACC2580CF77004B5D88 /* HandDetection */,
				30F6BACB2580CF77004B5D88 /* Products */,
			);
			sourceTree = "<group>";
		};
		30F6BACB2580CF77004B5D88 /* Products */ = {
			isa = PBXGroup;
			children = (
				30F6BACA2580CF77004B5D88 /* HandDetection.app */,
			);
			name = Products;
			sourceTree = "<group>";
		};
		30F6BACC2580CF77004B5D88 /* HandDetection */ = {
			isa = PBXGroup;
			children = (
				30F6BAEB2580DE6D004B5D88 /* HandPose.entitlements */,
				30F6BACD2580CF77004B5D88 /* AppDelegate.swift */,
				30F6BACF2580CF77004B5D88 /* SceneDelegate.swift */,
				30F6BAE72580DC48004B5D88 /* CameraView.swift */,
				30F6BAD12580CF77004B5D88 /* CameraViewController.swift */,
				30F6BAD32580CF77004B5D88 /* Main.storyboard */,
				30F6BAD62580CF78004B5D88 /* Assets.xcassets */,
				30F6BAD82580CF78004B5D88 /* LaunchScreen.storyboard */,
				30F6BADB2580CF78004B5D88 /* Info.plist */,
			);
			path = HandDetection;
			sourceTree = "<group>";
		};
/* End PBXGroup section */

/* Begin PBXNativeTarget section */
		30F6BAC92580CF77004B5D88 /* HandDetection */ = {
			isa = PBXNativeTarget;
			buildConfigurationList = 30F6BADE2580CF78004B5D88 /* Build configuration list for PBXNativeTarget "HandDetection" */;
			buildPhases = (
				30F6BAC62580CF77004B5D88 /* Sources */,
				30F6BAC72580CF77004B5D88 /* Frameworks */,
				30F6BAC82580CF77004B5D88 /* Resources */,
			);
			buildRules = (
			);
			dependencies = (
			);
			name = HandDetection;
			productName = HandDetection;
			productReference = 30F6BACA2580CF77004B5D88 /* HandDetection.app */;
			productType = "com.apple.product-type.application";
		};
/* End PBXNativeTarget section */

/* Begin PBXProject section */
		30F6BAC22580CF77004B5D88 /* Project object */ = {
			isa = PBXProject;
			attributes = {
				LastSwiftUpdateCheck = 1220;
				LastUpgradeCheck = 1220;
				TargetAttributes = {
					30F6BAC92580CF77004B5D88 = {
						CreatedOnToolsVersion = 12.2;
					};
				};
			};
			buildConfigurationList = 30F6BAC52580CF77004B5D88 /* Build configuration list for PBXProject "HandDetection" */;
			compatibilityVersion = "Xcode 9.3";
			developmentRegion = en;
			hasScannedForEncodings = 0;
			knownRegions = (
				en,
				Base,
			);
			mainGroup = 30F6BAC12580CF77004B5D88;
			productRefGroup = 30F6BACB2580CF77004B5D88 /* Products */;
			projectDirPath = "";
			projectRoot = "";
			targets = (
				30F6BAC92580CF77004B5D88 /* HandDetection */,
			);
		};
/* End PBXProject section */

/* Begin PBXResourcesBuildPhase section */
		30F6BAC82580CF77004B5D88 /* Resources */ = {
			isa = PBXResourcesBuildPhase;
			buildActionMask = 2147483647;
			files = (
				30F6BADA2580CF78004B5D88 /* LaunchScreen.storyboard in Resources */,
				30F6BAD72580CF78004B5D88 /* Assets.xcassets in Resources */,
				30F6BAD52580CF77004B5D88 /* Main.storyboard in Resources */,
			);
			runOnlyForDeploymentPostprocessing = 0;
		};
/* End PBXResourcesBuildPhase section */

/* Begin PBXSourcesBuildPhase section */
		30F6BAC62580CF77004B5D88 /* Sources */ = {
			isa = PBXSourcesBuildPhase;
			buildActionMask = 2147483647;
			files = (
				30F6BAD22580CF77004B5D88 /* CameraViewController.swift in Sources */,
				30F6BACE2580CF77004B5D88 /* AppDelegate.swift in Sources */,
				30F6BAE82580DC48004B5D88 /* CameraView.swift in Sources */,
				30F6BAD02580CF77004B5D88 /* SceneDelegate.swift in Sources */,
			);
			runOnlyForDeploymentPostprocessing = 0;
		};
/* End PBXSourcesBuildPhase section */

/* Begin PBXVariantGroup section */
		30F6BAD32580CF77004B5D88 /* Main.storyboard */ = {
			isa = PBXVariantGroup;
			children = (
				30F6BAD42580CF77004B5D88 /* Base */,
			);
			name = Main.storyboard;
			sourceTree = "<group>";
		};
		30F6BAD82580CF78004B5D88 /* LaunchScreen.storyboard */ = {
			isa = PBXVariantGroup;
			children = (
				30F6BAD92580CF78004B5D88 /* Base */,
			);
			name = LaunchScreen.storyboard;
			sourceTree = "<group>";
		};
/* End PBXVariantGroup section */

/* Begin XCBuildConfiguration section */
		30F6BADC2580CF78004B5D88 /* Debug */ = {
			isa = XCBuildConfiguration;
			buildSettings = {
				ALWAYS_SEARCH_USER_PATHS = NO;
				CLANG_ANALYZER_NONNULL = YES;
				CLANG_ANALYZER_NUMBER_OBJECT_CONVERSION = YES_AGGRESSIVE;
				CLANG_CXX_LANGUAGE_STANDARD = "gnu++14";
				CLANG_CXX_LIBRARY = "libc++";
				CLANG_ENABLE_MODULES = YES;
				CLANG_ENABLE_OBJC_ARC = YES;
				CLANG_ENABLE_OBJC_WEAK = YES;
				CLANG_WARN_BLOCK_CAPTURE_AUTORELEASING = YES;
				CLANG_WARN_BOOL_CONVERSION = YES;
				CLANG_WARN_COMMA = YES;
				CLANG_WARN_CONSTANT_CONVERSION = YES;
				CLANG_WARN_DEPRECATED_OBJC_IMPLEMENTATIONS = YES;
				CLANG_WARN_DIRECT_OBJC_ISA_USAGE = YES_ERROR;
				CLANG_WARN_DOCUMENTATION_COMMENTS = YES;
				CLANG_WARN_EMPTY_BODY = YES;
				CLANG_WARN_ENUM_CONVERSION = YES;
				CLANG_WARN_INFINITE_RECURSION = YES;
				CLANG_WARN_INT_CONVERSION = YES;
				CLANG_WARN_NON_LITERAL_NULL_CONVERSION = YES;
				CLANG_WARN_OBJC_IMPLICIT_RETAIN_SELF = YES;
				CLANG_WARN_OBJC_LITERAL_CONVERSION = YES;
				CLANG_WARN_OBJC_ROOT_CLASS = YES_ERROR;
				CLANG_WARN_QUOTED_INCLUDE_IN_FRAMEWORK_HEADER = YES;
				CLANG_WARN_RANGE_LOOP_ANALYSIS = YES;
				CLANG_WARN_STRICT_PROTOTYPES = YES;
				CLANG_WARN_SUSPICIOUS_MOVE = YES;
				CLANG_WARN_UNGUARDED_AVAILABILITY = YES_AGGRESSIVE;
				CLANG_WARN_UNREACHABLE_CODE = YES;
				CLANG_WARN__DUPLICATE_METHOD_MATCH = YES;
				COPY_PHASE_STRIP = NO;
				DEBUG_INFORMATION_FORMAT = dwarf;
				ENABLE_STRICT_OBJC_MSGSEND = YES;
				ENABLE_TESTABILITY = YES;
				GCC_C_LANGUAGE_STANDARD = gnu11;
				GCC_DYNAMIC_NO_PIC = NO;
				GCC_NO_COMMON_BLOCKS = YES;
				GCC_OPTIMIZATION_LEVEL = 0;
				GCC_PREPROCESSOR_DEFINITIONS = (
					"DEBUG=1",
					"$(inherited)",
				);
				GCC_WARN_64_TO_32_BIT_CONVERSION = YES;
				GCC_WARN_ABOUT_RETURN_TYPE = YES_ERROR;
				GCC_WARN_UNDECLARED_SELECTOR = YES;
				GCC_WARN_UNINITIALIZED_AUTOS = YES_AGGRESSIVE;
				GCC_WARN_UNUSED_FUNCTION = YES;
				GCC_WARN_UNUSED_VARIABLE = YES;
				IPHONEOS_DEPLOYMENT_TARGET = 14.2;
				MTL_ENABLE_DEBUG_INFO = INCLUDE_SOURCE;
				MTL_FAST_MATH = YES;
				ONLY_ACTIVE_ARCH = YES;
				SDKROOT = iphoneos;
				SWIFT_ACTIVE_COMPILATION_CONDITIONS = DEBUG;
				SWIFT_OPTIMIZATION_LEVEL = "-Onone";
			};
			name = Debug;
		};
		30F6BADD2580CF78004B5D88 /* Release */ = {
			isa = XCBuildConfiguration;
			buildSettings = {
				ALWAYS_SEARCH_USER_PATHS = NO;
				CLANG_ANALYZER_NONNULL = YES;
				CLANG_ANALYZER_NUMBER_OBJECT_CONVERSION = YES_AGGRESSIVE;
				CLANG_CXX_LANGUAGE_STANDARD = "gnu++14";
				CLANG_CXX_LIBRARY = "libc++";
				CLANG_ENABLE_MODULES = YES;
				CLANG_ENABLE_OBJC_ARC = YES;
				CLANG_ENABLE_OBJC_WEAK = YES;
				CLANG_WARN_BLOCK_CAPTURE_AUTORELEASING = YES;
				CLANG_WARN_BOOL_CONVERSION = YES;
				CLANG_WARN_COMMA = YES;
				CLANG_WARN_CONSTANT_CONVERSION = YES;
				CLANG_WARN_DEPRECATED_OBJC_IMPLEMENTATIONS = YES;
				CLANG_WARN_DIRECT_OBJC_ISA_USAGE = YES_ERROR;
				CLANG_WARN_DOCUMENTATION_COMMENTS = YES;
				CLANG_WARN_EMPTY_BODY = YES;
				CLANG_WARN_ENUM_CONVERSION = YES;
				CLANG_WARN_INFINITE_RECURSION = YES;
				CLANG_WARN_INT_CONVERSION = YES;
				CLANG_WARN_NON_LITERAL_NULL_CONVERSION = YES;
				CLANG_WARN_OBJC_IMPLICIT_RETAIN_SELF = YES;
				CLANG_WARN_OBJC_LITERAL_CONVERSION = YES;
				CLANG_WARN_OBJC_ROOT_CLASS = YES_ERROR;
				CLANG_WARN_QUOTED_INCLUDE_IN_FRAMEWORK_HEADER = YES;
				CLANG_WARN_RANGE_LOOP_ANALYSIS = YES;
				CLANG_WARN_STRICT_PROTOTYPES = YES;
				CLANG_WARN_SUSPICIOUS_MOVE = YES;
				CLANG_WARN_UNGUARDED_AVAILABILITY = YES_AGGRESSIVE;
				CLANG_WARN_UNREACHABLE_CODE = YES;
				CLANG_WARN__DUPLICATE_METHOD_MATCH = YES;
				COPY_PHASE_STRIP = NO;
				DEBUG_INFORMATION_FORMAT = "dwarf-with-dsym";
				ENABLE_NS_ASSERTIONS = NO;
				ENABLE_STRICT_OBJC_MSGSEND = YES;
				GCC_C_LANGUAGE_STANDARD = gnu11;
				GCC_NO_COMMON_BLOCKS = YES;
				GCC_WARN_64_TO_32_BIT_CONVERSION = YES;
				GCC_WARN_ABOUT_RETURN_TYPE = YES_ERROR;
				GCC_WARN_UNDECLARED_SELECTOR = YES;
				GCC_WARN_UNINITIALIZED_AUTOS = YES_AGGRESSIVE;
				GCC_WARN_UNUSED_FUNCTION = YES;
				GCC_WARN_UNUSED_VARIABLE = YES;
				IPHONEOS_DEPLOYMENT_TARGET = 14.2;
				MTL_ENABLE_DEBUG_INFO = NO;
				MTL_FAST_MATH = YES;
				SDKROOT = iphoneos;
				SWIFT_COMPILATION_MODE = wholemodule;
				SWIFT_OPTIMIZATION_LEVEL = "-O";
				VALIDATE_PRODUCT = YES;
			};
			name = Release;
		};
		30F6BADF2580CF78004B5D88 /* Debug */ = {
			isa = XCBuildConfiguration;
			buildSettings = {
				ASSETCATALOG_COMPILER_APPICON_NAME = AppIcon;
				ASSETCATALOG_COMPILER_GLOBAL_ACCENT_COLOR_NAME = AccentColor;
				CODE_SIGN_STYLE = Automatic;
				DEVELOPMENT_TEAM = 4WZFDA97N8;
				INFOPLIST_FILE = HandDetection/Info.plist;
				LD_RUNPATH_SEARCH_PATHS = (
					"$(inherited)",
					"@executable_path/Frameworks",
				);
				PRODUCT_BUNDLE_IDENTIFIER = MEZ.HandDetection;
				PRODUCT_NAME = "$(TARGET_NAME)";
				SWIFT_VERSION = 5.0;
				TARGETED_DEVICE_FAMILY = "1,2";
			};
			name = Debug;
		};
		30F6BAE02580CF78004B5D88 /* Release */ = {
			isa = XCBuildConfiguration;
			buildSettings = {
				ASSETCATALOG_COMPILER_APPICON_NAME = AppIcon;
				ASSETCATALOG_COMPILER_GLOBAL_ACCENT_COLOR_NAME = AccentColor;
				CODE_SIGN_STYLE = Automatic;
				DEVELOPMENT_TEAM = 4WZFDA97N8;
				INFOPLIST_FILE = HandDetection/Info.plist;
				LD_RUNPATH_SEARCH_PATHS = (
					"$(inherited)",
					"@executable_path/Frameworks",
				);
				PRODUCT_BUNDLE_IDENTIFIER = MEZ.HandDetection;
				PRODUCT_NAME = "$(TARGET_NAME)";
				SWIFT_VERSION = 5.0;
				TARGETED_DEVICE_FAMILY = "1,2";
			};
			name = Release;
		};
/* End XCBuildConfiguration section */

/* Begin XCConfigurationList section */
		30F6BAC52580CF77004B5D88 /* Build configuration list for PBXProject "HandDetection" */ = {
			isa = XCConfigurationList;
			buildConfigurations = (
				30F6BADC2580CF78004B5D88 /* Debug */,
				30F6BADD2580CF78004B5D88 /* Release */,
			);
			defaultConfigurationIsVisible = 0;
			defaultConfigurationName = Release;
		};
		30F6BADE2580CF78004B5D88 /* Build configuration list for PBXNativeTarget "HandDetection" */ = {
			isa = XCConfigurationList;
			buildConfigurations = (
				30F6BADF2580CF78004B5D88 /* Debug */,
				30F6BAE02580CF78004B5D88 /* Release */,
			);
			defaultConfigurationIsVisible = 0;
			defaultConfigurationName = Release;
		};
/* End XCConfigurationList section */
	};
	rootObject = 30F6BAC22580CF77004B5D88 /* Project object */;
}
