// !$*UTF8*$!
{
	archiveVersion = 1;
	classes = {
	};
	objectVersion = 50;
	objects = {

/* Begin PBXBuildFile section */
		97A838252135E30E00FDB0A6 /* AppDelegate.swift in Sources */ = {isa = PBXBuildFile; fileRef = 97A838242135E30E00FDB0A6 /* AppDelegate.swift */; };
		97A838272135E30E00FDB0A6 /* ViewController.swift in Sources */ = {isa = PBXBuildFile; fileRef = 97A838262135E30E00FDB0A6 /* ViewController.swift */; };
		97A8382A2135E30E00FDB0A6 /* Main.storyboard in Resources */ = {isa = PBXBuildFile; fileRef = 97A838282135E30E00FDB0A6 /* Main.storyboard */; };
		97A8382C2135E30F00FDB0A6 /* Assets.xcassets in Resources */ = {isa = PBXBuildFile; fileRef = 97A8382B2135E30F00FDB0A6 /* Assets.xcassets */; };
		97A8382F2135E30F00FDB0A6 /* LaunchScreen.storyboard in Resources */ = {isa = PBXBuildFile; fileRef = 97A8382D2135E30F00FDB0A6 /* LaunchScreen.storyboard */; };
		97A838392135E99500FDB0A6 /* RecordVideoViewController.swift in Sources */ = {isa = PBXBuildFile; fileRef = 97A838382135E99500FDB0A6 /* RecordVideoViewController.swift */; };
		97A8383B2137146600FDB0A6 /* ImageViewController.swift in Sources */ = {isa = PBXBuildFile; fileRef = 97A8383A2137146600FDB0A6 /* ImageViewController.swift */; };
		97A8383E2137244A00FDB0A6 /* UIViewController.swift in Sources */ = {isa = PBXBuildFile; fileRef = 97A8383D2137244A00FDB0A6 /* UIViewController.swift */; };
/* End PBXBuildFile section */

/* Begin PBXFileReference section */
		97A838212135E30E00FDB0A6 /* Captured.app */ = {isa = PBXFileReference; explicitFileType = wrapper.application; includeInIndex = 0; path = Captured.app; sourceTree = BUILT_PRODUCTS_DIR; };
		97A838242135E30E00FDB0A6 /* AppDelegate.swift */ = {isa = PBXFileReference; lastKnownFileType = sourcecode.swift; path = AppDelegate.swift; sourceTree = "<group>"; };
		97A838262135E30E00FDB0A6 /* ViewController.swift */ = {isa = PBXFileReference; lastKnownFileType = sourcecode.swift; path = ViewController.swift; sourceTree = "<group>"; };
		97A838292135E30E00FDB0A6 /* Base */ = {isa = PBXFileReference; lastKnownFileType = file.storyboard; name = Base; path = Base.lproj/Main.storyboard; sourceTree = "<group>"; };
		97A8382B2135E30F00FDB0A6 /* Assets.xcassets */ = {isa = PBXFileReference; lastKnownFileType = folder.assetcatalog; path = Assets.xcassets; sourceTree = "<group>"; };
		97A8382E2135E30F00FDB0A6 /* Base */ = {isa = PBXFileReference; lastKnownFileType = file.storyboard; name = Base; path = Base.lproj/LaunchScreen.storyboard; sourceTree = "<group>"; };
		97A838302135E30F00FDB0A6 /* Info.plist */ = {isa = PBXFileReference; lastKnownFileType = text.plist.xml; path = Info.plist; sourceTree = "<group>"; };
		97A838382135E99500FDB0A6 /* RecordVideoViewController.swift */ = {isa = PBXFileReference; lastKnownFileType = sourcecode.swift; path = RecordVideoViewController.swift; sourceTree = "<group>"; };
		97A8383A2137146600FDB0A6 /* ImageViewController.swift */ = {isa = PBXFileReference; lastKnownFileType = sourcecode.swift; path = ImageViewController.swift; sourceTree = "<group>"; };
		97A8383D2137244A00FDB0A6 /* UIViewController.swift */ = {isa = PBXFileReference; lastKnownFileType = sourcecode.swift; path = UIViewController.swift; sourceTree = "<group>"; };
/* End PBXFileReference section */

/* Begin PBXFrameworksBuildPhase section */
		97A8381E2135E30E00FDB0A6 /* Frameworks */ = {
			isa = PBXFrameworksBuildPhase;
			buildActionMask = 2147483647;
			files = (
			);
			runOnlyForDeploymentPostprocessing = 0;
		};
/* End PBXFrameworksBuildPhase section */

/* Begin PBXGroup section */
		97A838182135E30E00FDB0A6 = {
			isa = PBXGroup;
			children = (
				97A838232135E30E00FDB0A6 /* Captured */,
				97A838222135E30E00FDB0A6 /* Products */,
			);
			sourceTree = "<group>";
		};
		97A838222135E30E00FDB0A6 /* Products */ = {
			isa = PBXGroup;
			children = (
				97A838212135E30E00FDB0A6 /* Captured.app */,
			);
			name = Products;
			sourceTree = "<group>";
		};
		97A838232135E30E00FDB0A6 /* Captured */ = {
			isa = PBXGroup;
			children = (
				97A8383C2137244200FDB0A6 /* Extensions */,
				97A838372135E97F00FDB0A6 /* Storyboards */,
				97A838362135E97900FDB0A6 /* ViewControllers */,
				97A838242135E30E00FDB0A6 /* AppDelegate.swift */,
				97A8382B2135E30F00FDB0A6 /* Assets.xcassets */,
				97A838302135E30F00FDB0A6 /* Info.plist */,
			);
			path = Captured;
			sourceTree = "<group>";
		};
		97A838362135E97900FDB0A6 /* ViewControllers */ = {
			isa = PBXGroup;
			children = (
				97A838262135E30E00FDB0A6 /* ViewController.swift */,
				97A838382135E99500FDB0A6 /* RecordVideoViewController.swift */,
				97A8383A2137146600FDB0A6 /* ImageViewController.swift */,
			);
			path = ViewControllers;
			sourceTree = "<group>";
		};
		97A838372135E97F00FDB0A6 /* Storyboards */ = {
			isa = PBXGroup;
			children = (
				97A838282135E30E00FDB0A6 /* Main.storyboard */,
				97A8382D2135E30F00FDB0A6 /* LaunchScreen.storyboard */,
			);
			path = Storyboards;
			sourceTree = "<group>";
		};
		97A8383C2137244200FDB0A6 /* Extensions */ = {
			isa = PBXGroup;
			children = (
				97A8383D2137244A00FDB0A6 /* UIViewController.swift */,
			);
			path = Extensions;
			sourceTree = "<group>";
		};
/* End PBXGroup section */

/* Begin PBXNativeTarget section */
		97A838202135E30E00FDB0A6 /* Captured */ = {
			isa = PBXNativeTarget;
			buildConfigurationList = 97A838332135E30F00FDB0A6 /* Build configuration list for PBXNativeTarget "Captured" */;
			buildPhases = (
				97A8381D2135E30E00FDB0A6 /* Sources */,
				97A8381E2135E30E00FDB0A6 /* Frameworks */,
				97A8381F2135E30E00FDB0A6 /* Resources */,
			);
			buildRules = (
			);
			dependencies = (
			);
			name = Captured;
			productName = Captured;
			productReference = 97A838212135E30E00FDB0A6 /* Captured.app */;
			productType = "com.apple.product-type.application";
		};
/* End PBXNativeTarget section */

/* Begin PBXProject section */
		97A838192135E30E00FDB0A6 /* Project object */ = {
			isa = PBXProject;
			attributes = {
				LastSwiftUpdateCheck = 1000;
				LastUpgradeCheck = 1200;
				ORGANIZATIONNAME = "Donny Wals";
				TargetAttributes = {
					97A838202135E30E00FDB0A6 = {
						CreatedOnToolsVersion = 10.0;
						LastSwiftMigration = 1200;
					};
				};
			};
			buildConfigurationList = 97A8381C2135E30E00FDB0A6 /* Build configuration list for PBXProject "Captured" */;
			compatibilityVersion = "Xcode 9.3";
			developmentRegion = en;
			hasScannedForEncodings = 0;
			knownRegions = (
				en,
				Base,
			);
			mainGroup = 97A838182135E30E00FDB0A6;
			productRefGroup = 97A838222135E30E00FDB0A6 /* Products */;
			projectDirPath = "";
			projectRoot = "";
			targets = (
				97A838202135E30E00FDB0A6 /* Captured */,
			);
		};
/* End PBXProject section */

/* Begin PBXResourcesBuildPhase section */
		97A8381F2135E30E00FDB0A6 /* Resources */ = {
			isa = PBXResourcesBuildPhase;
			buildActionMask = 2147483647;
			files = (
				97A8382F2135E30F00FDB0A6 /* LaunchScreen.storyboard in Resources */,
				97A8382C2135E30F00FDB0A6 /* Assets.xcassets in Resources */,
				97A8382A2135E30E00FDB0A6 /* Main.storyboard in Resources */,
			);
			runOnlyForDeploymentPostprocessing = 0;
		};
/* End PBXResourcesBuildPhase section */

/* Begin PBXSourcesBuildPhase section */
		97A8381D2135E30E00FDB0A6 /* Sources */ = {
			isa = PBXSourcesBuildPhase;
			buildActionMask = 2147483647;
			files = (
				97A838272135E30E00FDB0A6 /* ViewController.swift in Sources */,
				97A838392135E99500FDB0A6 /* RecordVideoViewController.swift in Sources */,
				97A8383B2137146600FDB0A6 /* ImageViewController.swift in Sources */,
				97A838252135E30E00FDB0A6 /* AppDelegate.swift in Sources */,
				97A8383E2137244A00FDB0A6 /* UIViewController.swift in Sources */,
			);
			runOnlyForDeploymentPostprocessing = 0;
		};
/* End PBXSourcesBuildPhase section */

/* Begin PBXVariantGroup section */
		97A838282135E30E00FDB0A6 /* Main.storyboard */ = {
			isa = PBXVariantGroup;
			children = (
				97A838292135E30E00FDB0A6 /* Base */,
			);
			name = Main.storyboard;
			sourceTree = "<group>";
		};
		97A8382D2135E30F00FDB0A6 /* LaunchScreen.storyboard */ = {
			isa = PBXVariantGroup;
			children = (
				97A8382E2135E30F00FDB0A6 /* Base */,
			);
			name = LaunchScreen.storyboard;
			sourceTree = "<group>";
		};
/* End PBXVariantGroup section */

/* Begin XCBuildConfiguration section */
		97A838312135E30F00FDB0A6 /* Debug */ = {
			isa = XCBuildConfiguration;
			buildSettings = {
				ALWAYS_SEARCH_USER_PATHS = NO;
				CLANG_ANALYZER_NONNULL = YES;
				CLANG_ANALYZER_NUMBER_OBJECT_CONVERSION = YES_AGGRESSIVE;
				CLANG_CXX_LANGUAGE_STANDARD = "gnu++14";
				CLANG_CXX_LIBRARY = "libc++";
				CLANG_ENABLE_MODULES = YES;
				CLANG_ENABLE_OBJC_ARC = YES;
				CLANG_ENABLE_OBJC_WEAK = YES;
				CLANG_WARN_BLOCK_CAPTURE_AUTORELEASING = YES;
				CLANG_WARN_BOOL_CONVERSION = YES;
				CLANG_WARN_COMMA = YES;
				CLANG_WARN_CONSTANT_CONVERSION = YES;
				CLANG_WARN_DEPRECATED_OBJC_IMPLEMENTATIONS = YES;
				CLANG_WARN_DIRECT_OBJC_ISA_USAGE = YES_ERROR;
				CLANG_WARN_DOCUMENTATION_COMMENTS = YES;
				CLANG_WARN_EMPTY_BODY = YES;
				CLANG_WARN_ENUM_CONVERSION = YES;
				CLANG_WARN_INFINITE_RECURSION = YES;
				CLANG_WARN_INT_CONVERSION = YES;
				CLANG_WARN_NON_LITERAL_NULL_CONVERSION = YES;
				CLANG_WARN_OBJC_IMPLICIT_RETAIN_SELF = YES;
				CLANG_WARN_OBJC_LITERAL_CONVERSION = YES;
				CLANG_WARN_OBJC_ROOT_CLASS = YES_ERROR;
				CLANG_WARN_QUOTED_INCLUDE_IN_FRAMEWORK_HEADER = YES;
				CLANG_WARN_RANGE_LOOP_ANALYSIS = YES;
				CLANG_WARN_STRICT_PROTOTYPES = YES;
				CLANG_WARN_SUSPICIOUS_MOVE = YES;
				CLANG_WARN_UNGUARDED_AVAILABILITY = YES_AGGRESSIVE;
				CLANG_WARN_UNREACHABLE_CODE = YES;
				CLANG_WARN__DUPLICATE_METHOD_MATCH = YES;
				CODE_SIGN_IDENTITY = "iPhone Developer";
				COPY_PHASE_STRIP = NO;
				DEBUG_INFORMATION_FORMAT = dwarf;
				ENABLE_STRICT_OBJC_MSGSEND = YES;
				ENABLE_TESTABILITY = YES;
				GCC_C_LANGUAGE_STANDARD = gnu11;
				GCC_DYNAMIC_NO_PIC = NO;
				GCC_NO_COMMON_BLOCKS = YES;
				GCC_OPTIMIZATION_LEVEL = 0;
				GCC_PREPROCESSOR_DEFINITIONS = (
					"DEBUG=1",
					"$(inherited)",
				);
				GCC_WARN_64_TO_32_BIT_CONVERSION = YES;
				GCC_WARN_ABOUT_RETURN_TYPE = YES_ERROR;
				GCC_WARN_UNDECLARED_SELECTOR = YES;
				GCC_WARN_UNINITIALIZED_AUTOS = YES_AGGRESSIVE;
				GCC_WARN_UNUSED_FUNCTION = YES;
				GCC_WARN_UNUSED_VARIABLE = YES;
				IPHONEOS_DEPLOYMENT_TARGET = 12.0;
				MTL_ENABLE_DEBUG_INFO = INCLUDE_SOURCE;
				MTL_FAST_MATH = YES;
				ONLY_ACTIVE_ARCH = YES;
				SDKROOT = iphoneos;
				SWIFT_ACTIVE_COMPILATION_CONDITIONS = DEBUG;
				SWIFT_OPTIMIZATION_LEVEL = "-Onone";
			};
			name = Debug;
		};
		97A838322135E30F00FDB0A6 /* Release */ = {
			isa = XCBuildConfiguration;
			buildSettings = {
				ALWAYS_SEARCH_USER_PATHS = NO;
				CLANG_ANALYZER_NONNULL = YES;
				CLANG_ANALYZER_NUMBER_OBJECT_CONVERSION = YES_AGGRESSIVE;
				CLANG_CXX_LANGUAGE_STANDARD = "gnu++14";
				CLANG_CXX_LIBRARY = "libc++";
				CLANG_ENABLE_MODULES = YES;
				CLANG_ENABLE_OBJC_ARC = YES;
				CLANG_ENABLE_OBJC_WEAK = YES;
				CLANG_WARN_BLOCK_CAPTURE_AUTORELEASING = YES;
				CLANG_WARN_BOOL_CONVERSION = YES;
				CLANG_WARN_COMMA = YES;
				CLANG_WARN_CONSTANT_CONVERSION = YES;
				CLANG_WARN_DEPRECATED_OBJC_IMPLEMENTATIONS = YES;
				CLANG_WARN_DIRECT_OBJC_ISA_USAGE = YES_ERROR;
				CLANG_WARN_DOCUMENTATION_COMMENTS = YES;
				CLANG_WARN_EMPTY_BODY = YES;
				CLANG_WARN_ENUM_CONVERSION = YES;
				CLANG_WARN_INFINITE_RECURSION = YES;
				CLANG_WARN_INT_CONVERSION = YES;
				CLANG_WARN_NON_LITERAL_NULL_CONVERSION = YES;
				CLANG_WARN_OBJC_IMPLICIT_RETAIN_SELF = YES;
				CLANG_WARN_OBJC_LITERAL_CONVERSION = YES;
				CLANG_WARN_OBJC_ROOT_CLASS = YES_ERROR;
				CLANG_WARN_QUOTED_INCLUDE_IN_FRAMEWORK_HEADER = YES;
				CLANG_WARN_RANGE_LOOP_ANALYSIS = YES;
				CLANG_WARN_STRICT_PROTOTYPES = YES;
				CLANG_WARN_SUSPICIOUS_MOVE = YES;
				CLANG_WARN_UNGUARDED_AVAILABILITY = YES_AGGRESSIVE;
				CLANG_WARN_UNREACHABLE_CODE = YES;
				CLANG_WARN__DUPLICATE_METHOD_MATCH = YES;
				CODE_SIGN_IDENTITY = "iPhone Developer";
				COPY_PHASE_STRIP = NO;
				DEBUG_INFORMATION_FORMAT = "dwarf-with-dsym";
				ENABLE_NS_ASSERTIONS = NO;
				ENABLE_STRICT_OBJC_MSGSEND = YES;
				GCC_C_LANGUAGE_STANDARD = gnu11;
				GCC_NO_COMMON_BLOCKS = YES;
				GCC_WARN_64_TO_32_BIT_CONVERSION = YES;
				GCC_WARN_ABOUT_RETURN_TYPE = YES_ERROR;
				GCC_WARN_UNDECLARED_SELECTOR = YES;
				GCC_WARN_UNINITIALIZED_AUTOS = YES_AGGRESSIVE;
				GCC_WARN_UNUSED_FUNCTION = YES;
				GCC_WARN_UNUSED_VARIABLE = YES;
				IPHONEOS_DEPLOYMENT_TARGET = 12.0;
				MTL_ENABLE_DEBUG_INFO = NO;
				MTL_FAST_MATH = YES;
				SDKROOT = iphoneos;
				SWIFT_COMPILATION_MODE = wholemodule;
				SWIFT_OPTIMIZATION_LEVEL = "-O";
				VALIDATE_PRODUCT = YES;
			};
			name = Release;
		};
		97A838342135E30F00FDB0A6 /* Debug */ = {
			isa = XCBuildConfiguration;
			buildSettings = {
				ASSETCATALOG_COMPILER_APPICON_NAME = AppIcon;
				CODE_SIGN_STYLE = Automatic;
				DEVELOPMENT_TEAM = 4WZFDA97N8;
				INFOPLIST_FILE = Captured/Info.plist;
				LD_RUNPATH_SEARCH_PATHS = (
					"$(inherited)",
					"@executable_path/Frameworks",
				);
				PRODUCT_BUNDLE_IDENTIFIER = com.donnywals.Captured;
				PRODUCT_NAME = "$(TARGET_NAME)";
				SWIFT_VERSION = 5.0;
				TARGETED_DEVICE_FAMILY = "1,2";
			};
			name = Debug;
		};
		97A838352135E30F00FDB0A6 /* Release */ = {
			isa = XCBuildConfiguration;
			buildSettings = {
				ASSETCATALOG_COMPILER_APPICON_NAME = AppIcon;
				CODE_SIGN_STYLE = Automatic;
				DEVELOPMENT_TEAM = 4WZFDA97N8;
				INFOPLIST_FILE = Captured/Info.plist;
				LD_RUNPATH_SEARCH_PATHS = (
					"$(inherited)",
					"@executable_path/Frameworks",
				);
				PRODUCT_BUNDLE_IDENTIFIER = com.donnywals.Captured;
				PRODUCT_NAME = "$(TARGET_NAME)";
				SWIFT_VERSION = 5.0;
				TARGETED_DEVICE_FAMILY = "1,2";
			};
			name = Release;
		};
/* End XCBuildConfiguration section */

/* Begin XCConfigurationList section */
		97A8381C2135E30E00FDB0A6 /* Build configuration list for PBXProject "Captured" */ = {
			isa = XCConfigurationList;
			buildConfigurations = (
				97A838312135E30F00FDB0A6 /* Debug */,
				97A838322135E30F00FDB0A6 /* Release */,
			);
			defaultConfigurationIsVisible = 0;
			defaultConfigurationName = Release;
		};
		97A838332135E30F00FDB0A6 /* Build configuration list for PBXNativeTarget "Captured" */ = {
			isa = XCConfigurationList;
			buildConfigurations = (
				97A838342135E30F00FDB0A6 /* Debug */,
				97A838352135E30F00FDB0A6 /* Release */,
			);
			defaultConfigurationIsVisible = 0;
			defaultConfigurationName = Release;
		};
/* End XCConfigurationList section */
	};
	rootObject = 97A838192135E30E00FDB0A6 /* Project object */;
}
