// !$*UTF8*$!
{
	archiveVersion = 1;
	classes = {
	};
	objectVersion = 50;
	objects = {

/* Begin PBXBuildFile section */
		83959EAA246974F3008E6A01 /* AppDelegate.swift in Sources */ = {isa = PBXBuildFile; fileRef = 83959EA9246974F3008E6A01 /* AppDelegate.swift */; };
		83959EAC246974F3008E6A01 /* SceneDelegate.swift in Sources */ = {isa = PBXBuildFile; fileRef = 83959EAB246974F3008E6A01 /* SceneDelegate.swift */; };
		83959EAE246974F3008E6A01 /* ContentView.swift in Sources */ = {isa = PBXBuildFile; fileRef = 83959EAD246974F3008E6A01 /* ContentView.swift */; };
		83959EB0246974F4008E6A01 /* Assets.xcassets in Resources */ = {isa = PBXBuildFile; fileRef = 83959EAF246974F4008E6A01 /* Assets.xcassets */; };
		83959EB3246974F4008E6A01 /* Preview Assets.xcassets in Resources */ = {isa = PBXBuildFile; fileRef = 83959EB2246974F4008E6A01 /* Preview Assets.xcassets */; };
		83959EB6246974F4008E6A01 /* LaunchScreen.storyboard in Resources */ = {isa = PBXBuildFile; fileRef = 83959EB4246974F4008E6A01 /* LaunchScreen.storyboard */; };
/* End PBXBuildFile section */

/* Begin PBXFileReference section */
		83959EA6246974F3008E6A01 /* Chapter 3 - SwiftUI Lists.app */ = {isa = PBXFileReference; explicitFileType = wrapper.application; includeInIndex = 0; path = "Chapter 3 - SwiftUI Lists.app"; sourceTree = BUILT_PRODUCTS_DIR; };
		83959EA9246974F3008E6A01 /* AppDelegate.swift */ = {isa = PBXFileReference; lastKnownFileType = sourcecode.swift; path = AppDelegate.swift; sourceTree = "<group>"; };
		83959EAB246974F3008E6A01 /* SceneDelegate.swift */ = {isa = PBXFileReference; lastKnownFileType = sourcecode.swift; path = SceneDelegate.swift; sourceTree = "<group>"; };
		83959EAD246974F3008E6A01 /* ContentView.swift */ = {isa = PBXFileReference; lastKnownFileType = sourcecode.swift; path = ContentView.swift; sourceTree = "<group>"; };
		83959EAF246974F4008E6A01 /* Assets.xcassets */ = {isa = PBXFileReference; lastKnownFileType = folder.assetcatalog; path = Assets.xcassets; sourceTree = "<group>"; };
		83959EB2246974F4008E6A01 /* Preview Assets.xcassets */ = {isa = PBXFileReference; lastKnownFileType = folder.assetcatalog; path = "Preview Assets.xcassets"; sourceTree = "<group>"; };
		83959EB5246974F4008E6A01 /* Base */ = {isa = PBXFileReference; lastKnownFileType = file.storyboard; name = Base; path = Base.lproj/LaunchScreen.storyboard; sourceTree = "<group>"; };
		83959EB7246974F4008E6A01 /* Info.plist */ = {isa = PBXFileReference; lastKnownFileType = text.plist.xml; path = Info.plist; sourceTree = "<group>"; };
/* End PBXFileReference section */

/* Begin PBXFrameworksBuildPhase section */
		83959EA3246974F3008E6A01 /* Frameworks */ = {
			isa = PBXFrameworksBuildPhase;
			buildActionMask = 2147483647;
			files = (
			);
			runOnlyForDeploymentPostprocessing = 0;
		};
/* End PBXFrameworksBuildPhase section */

/* Begin PBXGroup section */
		83959E9D246974F3008E6A01 = {
			isa = PBXGroup;
			children = (
				83959EA8246974F3008E6A01 /* Chapter 3 - SwiftUI Lists */,
				83959EA7246974F3008E6A01 /* Products */,
			);
			sourceTree = "<group>";
		};
		83959EA7246974F3008E6A01 /* Products */ = {
			isa = PBXGroup;
			children = (
				83959EA6246974F3008E6A01 /* Chapter 3 - SwiftUI Lists.app */,
			);
			name = Products;
			sourceTree = "<group>";
		};
		83959EA8246974F3008E6A01 /* Chapter 3 - SwiftUI Lists */ = {
			isa = PBXGroup;
			children = (
				83959EA9246974F3008E6A01 /* AppDelegate.swift */,
				83959EAB246974F3008E6A01 /* SceneDelegate.swift */,
				83959EAD246974F3008E6A01 /* ContentView.swift */,
				83959EAF246974F4008E6A01 /* Assets.xcassets */,
				83959EB4246974F4008E6A01 /* LaunchScreen.storyboard */,
				83959EB7246974F4008E6A01 /* Info.plist */,
				83959EB1246974F4008E6A01 /* Preview Content */,
			);
			path = "Chapter 3 - SwiftUI Lists";
			sourceTree = "<group>";
		};
		83959EB1246974F4008E6A01 /* Preview Content */ = {
			isa = PBXGroup;
			children = (
				83959EB2246974F4008E6A01 /* Preview Assets.xcassets */,
			);
			path = "Preview Content";
			sourceTree = "<group>";
		};
/* End PBXGroup section */

/* Begin PBXNativeTarget section */
		83959EA5246974F3008E6A01 /* Chapter 3 - SwiftUI Lists */ = {
			isa = PBXNativeTarget;
			buildConfigurationList = 83959EBA246974F4008E6A01 /* Build configuration list for PBXNativeTarget "Chapter 3 - SwiftUI Lists" */;
			buildPhases = (
				83959EA2246974F3008E6A01 /* Sources */,
				83959EA3246974F3008E6A01 /* Frameworks */,
				83959EA4246974F3008E6A01 /* Resources */,
			);
			buildRules = (
			);
			dependencies = (
			);
			name = "Chapter 3 - SwiftUI Lists";
			productName = "Chapter 3 - SwiftUI Lists";
			productReference = 83959EA6246974F3008E6A01 /* Chapter 3 - SwiftUI Lists.app */;
			productType = "com.apple.product-type.application";
		};
/* End PBXNativeTarget section */

/* Begin PBXProject section */
		83959E9E246974F3008E6A01 /* Project object */ = {
			isa = PBXProject;
			attributes = {
				LastSwiftUpdateCheck = 1130;
				LastUpgradeCheck = 1200;
				ORGANIZATIONNAME = "Cocoa Cabana";
				TargetAttributes = {
					83959EA5246974F3008E6A01 = {
						CreatedOnToolsVersion = 11.3;
					};
				};
			};
			buildConfigurationList = 83959EA1246974F3008E6A01 /* Build configuration list for PBXProject "Chapter 3 - SwiftUI Lists" */;
			compatibilityVersion = "Xcode 9.3";
			developmentRegion = en;
			hasScannedForEncodings = 0;
			knownRegions = (
				en,
				Base,
			);
			mainGroup = 83959E9D246974F3008E6A01;
			productRefGroup = 83959EA7246974F3008E6A01 /* Products */;
			projectDirPath = "";
			projectRoot = "";
			targets = (
				83959EA5246974F3008E6A01 /* Chapter 3 - SwiftUI Lists */,
			);
		};
/* End PBXProject section */

/* Begin PBXResourcesBuildPhase section */
		83959EA4246974F3008E6A01 /* Resources */ = {
			isa = PBXResourcesBuildPhase;
			buildActionMask = 2147483647;
			files = (
				83959EB6246974F4008E6A01 /* LaunchScreen.storyboard in Resources */,
				83959EB3246974F4008E6A01 /* Preview Assets.xcassets in Resources */,
				83959EB0246974F4008E6A01 /* Assets.xcassets in Resources */,
			);
			runOnlyForDeploymentPostprocessing = 0;
		};
/* End PBXResourcesBuildPhase section */

/* Begin PBXSourcesBuildPhase section */
		83959EA2246974F3008E6A01 /* Sources */ = {
			isa = PBXSourcesBuildPhase;
			buildActionMask = 2147483647;
			files = (
				83959EAA246974F3008E6A01 /* AppDelegate.swift in Sources */,
				83959EAC246974F3008E6A01 /* SceneDelegate.swift in Sources */,
				83959EAE246974F3008E6A01 /* ContentView.swift in Sources */,
			);
			runOnlyForDeploymentPostprocessing = 0;
		};
/* End PBXSourcesBuildPhase section */

/* Begin PBXVariantGroup section */
		83959EB4246974F4008E6A01 /* LaunchScreen.storyboard */ = {
			isa = PBXVariantGroup;
			children = (
				83959EB5246974F4008E6A01 /* Base */,
			);
			name = LaunchScreen.storyboard;
			sourceTree = "<group>";
		};
/* End PBXVariantGroup section */

/* Begin XCBuildConfiguration section */
		83959EB8246974F4008E6A01 /* Debug */ = {
			isa = XCBuildConfiguration;
			buildSettings = {
				ALWAYS_SEARCH_USER_PATHS = NO;
				CLANG_ANALYZER_NONNULL = YES;
				CLANG_ANALYZER_NUMBER_OBJECT_CONVERSION = YES_AGGRESSIVE;
				CLANG_CXX_LANGUAGE_STANDARD = "gnu++14";
				CLANG_CXX_LIBRARY = "libc++";
				CLANG_ENABLE_MODULES = YES;
				CLANG_ENABLE_OBJC_ARC = YES;
				CLANG_ENABLE_OBJC_WEAK = YES;
				CLANG_WARN_BLOCK_CAPTURE_AUTORELEASING = YES;
				CLANG_WARN_BOOL_CONVERSION = YES;
				CLANG_WARN_COMMA = YES;
				CLANG_WARN_CONSTANT_CONVERSION = YES;
				CLANG_WARN_DEPRECATED_OBJC_IMPLEMENTATIONS = YES;
				CLANG_WARN_DIRECT_OBJC_ISA_USAGE = YES_ERROR;
				CLANG_WARN_DOCUMENTATION_COMMENTS = YES;
				CLANG_WARN_EMPTY_BODY = YES;
				CLANG_WARN_ENUM_CONVERSION = YES;
				CLANG_WARN_INFINITE_RECURSION = YES;
				CLANG_WARN_INT_CONVERSION = YES;
				CLANG_WARN_NON_LITERAL_NULL_CONVERSION = YES;
				CLANG_WARN_OBJC_IMPLICIT_RETAIN_SELF = YES;
				CLANG_WARN_OBJC_LITERAL_CONVERSION = YES;
				CLANG_WARN_OBJC_ROOT_CLASS = YES_ERROR;
				CLANG_WARN_QUOTED_INCLUDE_IN_FRAMEWORK_HEADER = YES;
				CLANG_WARN_RANGE_LOOP_ANALYSIS = YES;
				CLANG_WARN_STRICT_PROTOTYPES = YES;
				CLANG_WARN_SUSPICIOUS_MOVE = YES;
				CLANG_WARN_UNGUARDED_AVAILABILITY = YES_AGGRESSIVE;
				CLANG_WARN_UNREACHABLE_CODE = YES;
				CLANG_WARN__DUPLICATE_METHOD_MATCH = YES;
				COPY_PHASE_STRIP = NO;
				DEBUG_INFORMATION_FORMAT = dwarf;
				ENABLE_STRICT_OBJC_MSGSEND = YES;
				ENABLE_TESTABILITY = YES;
				GCC_C_LANGUAGE_STANDARD = gnu11;
				GCC_DYNAMIC_NO_PIC = NO;
				GCC_NO_COMMON_BLOCKS = YES;
				GCC_OPTIMIZATION_LEVEL = 0;
				GCC_PREPROCESSOR_DEFINITIONS = (
					"DEBUG=1",
					"$(inherited)",
				);
				GCC_WARN_64_TO_32_BIT_CONVERSION = YES;
				GCC_WARN_ABOUT_RETURN_TYPE = YES_ERROR;
				GCC_WARN_UNDECLARED_SELECTOR = YES;
				GCC_WARN_UNINITIALIZED_AUTOS = YES_AGGRESSIVE;
				GCC_WARN_UNUSED_FUNCTION = YES;
				GCC_WARN_UNUSED_VARIABLE = YES;
				IPHONEOS_DEPLOYMENT_TARGET = 13.2;
				MTL_ENABLE_DEBUG_INFO = INCLUDE_SOURCE;
				MTL_FAST_MATH = YES;
				ONLY_ACTIVE_ARCH = YES;
				SDKROOT = iphoneos;
				SWIFT_ACTIVE_COMPILATION_CONDITIONS = DEBUG;
				SWIFT_OPTIMIZATION_LEVEL = "-Onone";
			};
			name = Debug;
		};
		83959EB9246974F4008E6A01 /* Release */ = {
			isa = XCBuildConfiguration;
			buildSettings = {
				ALWAYS_SEARCH_USER_PATHS = NO;
				CLANG_ANALYZER_NONNULL = YES;
				CLANG_ANALYZER_NUMBER_OBJECT_CONVERSION = YES_AGGRESSIVE;
				CLANG_CXX_LANGUAGE_STANDARD = "gnu++14";
				CLANG_CXX_LIBRARY = "libc++";
				CLANG_ENABLE_MODULES = YES;
				CLANG_ENABLE_OBJC_ARC = YES;
				CLANG_ENABLE_OBJC_WEAK = YES;
				CLANG_WARN_BLOCK_CAPTURE_AUTORELEASING = YES;
				CLANG_WARN_BOOL_CONVERSION = YES;
				CLANG_WARN_COMMA = YES;
				CLANG_WARN_CONSTANT_CONVERSION = YES;
				CLANG_WARN_DEPRECATED_OBJC_IMPLEMENTATIONS = YES;
				CLANG_WARN_DIRECT_OBJC_ISA_USAGE = YES_ERROR;
				CLANG_WARN_DOCUMENTATION_COMMENTS = YES;
				CLANG_WARN_EMPTY_BODY = YES;
				CLANG_WARN_ENUM_CONVERSION = YES;
				CLANG_WARN_INFINITE_RECURSION = YES;
				CLANG_WARN_INT_CONVERSION = YES;
				CLANG_WARN_NON_LITERAL_NULL_CONVERSION = YES;
				CLANG_WARN_OBJC_IMPLICIT_RETAIN_SELF = YES;
				CLANG_WARN_OBJC_LITERAL_CONVERSION = YES;
				CLANG_WARN_OBJC_ROOT_CLASS = YES_ERROR;
				CLANG_WARN_QUOTED_INCLUDE_IN_FRAMEWORK_HEADER = YES;
				CLANG_WARN_RANGE_LOOP_ANALYSIS = YES;
				CLANG_WARN_STRICT_PROTOTYPES = YES;
				CLANG_WARN_SUSPICIOUS_MOVE = YES;
				CLANG_WARN_UNGUARDED_AVAILABILITY = YES_AGGRESSIVE;
				CLANG_WARN_UNREACHABLE_CODE = YES;
				CLANG_WARN__DUPLICATE_METHOD_MATCH = YES;
				COPY_PHASE_STRIP = NO;
				DEBUG_INFORMATION_FORMAT = "dwarf-with-dsym";
				ENABLE_NS_ASSERTIONS = NO;
				ENABLE_STRICT_OBJC_MSGSEND = YES;
				GCC_C_LANGUAGE_STANDARD = gnu11;
				GCC_NO_COMMON_BLOCKS = YES;
				GCC_WARN_64_TO_32_BIT_CONVERSION = YES;
				GCC_WARN_ABOUT_RETURN_TYPE = YES_ERROR;
				GCC_WARN_UNDECLARED_SELECTOR = YES;
				GCC_WARN_UNINITIALIZED_AUTOS = YES_AGGRESSIVE;
				GCC_WARN_UNUSED_FUNCTION = YES;
				GCC_WARN_UNUSED_VARIABLE = YES;
				IPHONEOS_DEPLOYMENT_TARGET = 13.2;
				MTL_ENABLE_DEBUG_INFO = NO;
				MTL_FAST_MATH = YES;
				SDKROOT = iphoneos;
				SWIFT_COMPILATION_MODE = wholemodule;
				SWIFT_OPTIMIZATION_LEVEL = "-O";
				VALIDATE_PRODUCT = YES;
			};
			name = Release;
		};
		83959EBB246974F4008E6A01 /* Debug */ = {
			isa = XCBuildConfiguration;
			buildSettings = {
				ASSETCATALOG_COMPILER_APPICON_NAME = AppIcon;
				CODE_SIGN_STYLE = Automatic;
				DEVELOPMENT_ASSET_PATHS = "\"Chapter 3 - SwiftUI Lists/Preview Content\"";
				DEVELOPMENT_TEAM = C233LQUF2Z;
				ENABLE_PREVIEWS = YES;
				INFOPLIST_FILE = "Chapter 3 - SwiftUI Lists/Info.plist";
				LD_RUNPATH_SEARCH_PATHS = (
					"$(inherited)",
					"@executable_path/Frameworks",
				);
				PRODUCT_BUNDLE_IDENTIFIER = "net.Packt.Chapter-3---SwiftUI-Lists";
				PRODUCT_NAME = "$(TARGET_NAME)";
				SWIFT_VERSION = 5.0;
				TARGETED_DEVICE_FAMILY = "1,2";
			};
			name = Debug;
		};
		83959EBC246974F4008E6A01 /* Release */ = {
			isa = XCBuildConfiguration;
			buildSettings = {
				ASSETCATALOG_COMPILER_APPICON_NAME = AppIcon;
				CODE_SIGN_STYLE = Automatic;
				DEVELOPMENT_ASSET_PATHS = "\"Chapter 3 - SwiftUI Lists/Preview Content\"";
				DEVELOPMENT_TEAM = C233LQUF2Z;
				ENABLE_PREVIEWS = YES;
				INFOPLIST_FILE = "Chapter 3 - SwiftUI Lists/Info.plist";
				LD_RUNPATH_SEARCH_PATHS = (
					"$(inherited)",
					"@executable_path/Frameworks",
				);
				PRODUCT_BUNDLE_IDENTIFIER = "net.Packt.Chapter-3---SwiftUI-Lists";
				PRODUCT_NAME = "$(TARGET_NAME)";
				SWIFT_VERSION = 5.0;
				TARGETED_DEVICE_FAMILY = "1,2";
			};
			name = Release;
		};
/* End XCBuildConfiguration section */

/* Begin XCConfigurationList section */
		83959EA1246974F3008E6A01 /* Build configuration list for PBXProject "Chapter 3 - SwiftUI Lists" */ = {
			isa = XCConfigurationList;
			buildConfigurations = (
				83959EB8246974F4008E6A01 /* Debug */,
				83959EB9246974F4008E6A01 /* Release */,
			);
			defaultConfigurationIsVisible = 0;
			defaultConfigurationName = Release;
		};
		83959EBA246974F4008E6A01 /* Build configuration list for PBXNativeTarget "Chapter 3 - SwiftUI Lists" */ = {
			isa = XCConfigurationList;
			buildConfigurations = (
				83959EBB246974F4008E6A01 /* Debug */,
				83959EBC246974F4008E6A01 /* Release */,
			);
			defaultConfigurationIsVisible = 0;
			defaultConfigurationName = Release;
		};
/* End XCConfigurationList section */
	};
	rootObject = 83959E9E246974F3008E6A01 /* Project object */;
}
