// !$*UTF8*$!
{
	archiveVersion = 1;
	classes = {
	};
	objectVersion = 50;
	objects = {

/* Begin PBXBuildFile section */
		8392258F2470611D00C2A25A /* AppDelegate.swift in Sources */ = {isa = PBXBuildFile; fileRef = 8392258E2470611D00C2A25A /* AppDelegate.swift */; };
		839225912470611D00C2A25A /* SceneDelegate.swift in Sources */ = {isa = PBXBuildFile; fileRef = 839225902470611D00C2A25A /* SceneDelegate.swift */; };
		839225932470611D00C2A25A /* ViewController.swift in Sources */ = {isa = PBXBuildFile; fileRef = 839225922470611D00C2A25A /* ViewController.swift */; };
		839225962470611D00C2A25A /* Main.storyboard in Resources */ = {isa = PBXBuildFile; fileRef = 839225942470611D00C2A25A /* Main.storyboard */; };
		839225982470611E00C2A25A /* Assets.xcassets in Resources */ = {isa = PBXBuildFile; fileRef = 839225972470611E00C2A25A /* Assets.xcassets */; };
		8392259B2470611E00C2A25A /* LaunchScreen.storyboard in Resources */ = {isa = PBXBuildFile; fileRef = 839225992470611E00C2A25A /* LaunchScreen.storyboard */; };
/* End PBXBuildFile section */

/* Begin PBXFileReference section */
		8392258B2470611D00C2A25A /* Chapter 5 - Dynamics.app */ = {isa = PBXFileReference; explicitFileType = wrapper.application; includeInIndex = 0; path = "Chapter 5 - Dynamics.app"; sourceTree = BUILT_PRODUCTS_DIR; };
		8392258E2470611D00C2A25A /* AppDelegate.swift */ = {isa = PBXFileReference; lastKnownFileType = sourcecode.swift; path = AppDelegate.swift; sourceTree = "<group>"; };
		839225902470611D00C2A25A /* SceneDelegate.swift */ = {isa = PBXFileReference; lastKnownFileType = sourcecode.swift; path = SceneDelegate.swift; sourceTree = "<group>"; };
		839225922470611D00C2A25A /* ViewController.swift */ = {isa = PBXFileReference; lastKnownFileType = sourcecode.swift; path = ViewController.swift; sourceTree = "<group>"; };
		839225952470611D00C2A25A /* Base */ = {isa = PBXFileReference; lastKnownFileType = file.storyboard; name = Base; path = Base.lproj/Main.storyboard; sourceTree = "<group>"; };
		839225972470611E00C2A25A /* Assets.xcassets */ = {isa = PBXFileReference; lastKnownFileType = folder.assetcatalog; path = Assets.xcassets; sourceTree = "<group>"; };
		8392259A2470611E00C2A25A /* Base */ = {isa = PBXFileReference; lastKnownFileType = file.storyboard; name = Base; path = Base.lproj/LaunchScreen.storyboard; sourceTree = "<group>"; };
		8392259C2470611E00C2A25A /* Info.plist */ = {isa = PBXFileReference; lastKnownFileType = text.plist.xml; path = Info.plist; sourceTree = "<group>"; };
/* End PBXFileReference section */

/* Begin PBXFrameworksBuildPhase section */
		839225882470611D00C2A25A /* Frameworks */ = {
			isa = PBXFrameworksBuildPhase;
			buildActionMask = 2147483647;
			files = (
			);
			runOnlyForDeploymentPostprocessing = 0;
		};
/* End PBXFrameworksBuildPhase section */

/* Begin PBXGroup section */
		839225822470611D00C2A25A = {
			isa = PBXGroup;
			children = (
				8392258D2470611D00C2A25A /* Chapter 5 - Dynamics */,
				8392258C2470611D00C2A25A /* Products */,
			);
			sourceTree = "<group>";
		};
		8392258C2470611D00C2A25A /* Products */ = {
			isa = PBXGroup;
			children = (
				8392258B2470611D00C2A25A /* Chapter 5 - Dynamics.app */,
			);
			name = Products;
			sourceTree = "<group>";
		};
		8392258D2470611D00C2A25A /* Chapter 5 - Dynamics */ = {
			isa = PBXGroup;
			children = (
				8392258E2470611D00C2A25A /* AppDelegate.swift */,
				839225902470611D00C2A25A /* SceneDelegate.swift */,
				839225922470611D00C2A25A /* ViewController.swift */,
				839225942470611D00C2A25A /* Main.storyboard */,
				839225972470611E00C2A25A /* Assets.xcassets */,
				839225992470611E00C2A25A /* LaunchScreen.storyboard */,
				8392259C2470611E00C2A25A /* Info.plist */,
			);
			path = "Chapter 5 - Dynamics";
			sourceTree = "<group>";
		};
/* End PBXGroup section */

/* Begin PBXNativeTarget section */
		8392258A2470611D00C2A25A /* Chapter 5 - Dynamics */ = {
			isa = PBXNativeTarget;
			buildConfigurationList = 8392259F2470611E00C2A25A /* Build configuration list for PBXNativeTarget "Chapter 5 - Dynamics" */;
			buildPhases = (
				839225872470611D00C2A25A /* Sources */,
				839225882470611D00C2A25A /* Frameworks */,
				839225892470611D00C2A25A /* Resources */,
			);
			buildRules = (
			);
			dependencies = (
			);
			name = "Chapter 5 - Dynamics";
			productName = "Chapter 5 - Dynamics";
			productReference = 8392258B2470611D00C2A25A /* Chapter 5 - Dynamics.app */;
			productType = "com.apple.product-type.application";
		};
/* End PBXNativeTarget section */

/* Begin PBXProject section */
		839225832470611D00C2A25A /* Project object */ = {
			isa = PBXProject;
			attributes = {
				LastSwiftUpdateCheck = 1130;
				LastUpgradeCheck = 1130;
				ORGANIZATIONNAME = "Cocoa Cabana";
				TargetAttributes = {
					8392258A2470611D00C2A25A = {
						CreatedOnToolsVersion = 11.3;
					};
				};
			};
			buildConfigurationList = 839225862470611D00C2A25A /* Build configuration list for PBXProject "Chapter 5 - Dynamics" */;
			compatibilityVersion = "Xcode 9.3";
			developmentRegion = en;
			hasScannedForEncodings = 0;
			knownRegions = (
				en,
				Base,
			);
			mainGroup = 839225822470611D00C2A25A;
			productRefGroup = 8392258C2470611D00C2A25A /* Products */;
			projectDirPath = "";
			projectRoot = "";
			targets = (
				8392258A2470611D00C2A25A /* Chapter 5 - Dynamics */,
			);
		};
/* End PBXProject section */

/* Begin PBXResourcesBuildPhase section */
		839225892470611D00C2A25A /* Resources */ = {
			isa = PBXResourcesBuildPhase;
			buildActionMask = 2147483647;
			files = (
				8392259B2470611E00C2A25A /* LaunchScreen.storyboard in Resources */,
				839225982470611E00C2A25A /* Assets.xcassets in Resources */,
				839225962470611D00C2A25A /* Main.storyboard in Resources */,
			);
			runOnlyForDeploymentPostprocessing = 0;
		};
/* End PBXResourcesBuildPhase section */

/* Begin PBXSourcesBuildPhase section */
		839225872470611D00C2A25A /* Sources */ = {
			isa = PBXSourcesBuildPhase;
			buildActionMask = 2147483647;
			files = (
				839225932470611D00C2A25A /* ViewController.swift in Sources */,
				8392258F2470611D00C2A25A /* AppDelegate.swift in Sources */,
				839225912470611D00C2A25A /* SceneDelegate.swift in Sources */,
			);
			runOnlyForDeploymentPostprocessing = 0;
		};
/* End PBXSourcesBuildPhase section */

/* Begin PBXVariantGroup section */
		839225942470611D00C2A25A /* Main.storyboard */ = {
			isa = PBXVariantGroup;
			children = (
				839225952470611D00C2A25A /* Base */,
			);
			name = Main.storyboard;
			sourceTree = "<group>";
		};
		839225992470611E00C2A25A /* LaunchScreen.storyboard */ = {
			isa = PBXVariantGroup;
			children = (
				8392259A2470611E00C2A25A /* Base */,
			);
			name = LaunchScreen.storyboard;
			sourceTree = "<group>";
		};
/* End PBXVariantGroup section */

/* Begin XCBuildConfiguration section */
		8392259D2470611E00C2A25A /* Debug */ = {
			isa = XCBuildConfiguration;
			buildSettings = {
				ALWAYS_SEARCH_USER_PATHS = NO;
				CLANG_ANALYZER_NONNULL = YES;
				CLANG_ANALYZER_NUMBER_OBJECT_CONVERSION = YES_AGGRESSIVE;
				CLANG_CXX_LANGUAGE_STANDARD = "gnu++14";
				CLANG_CXX_LIBRARY = "libc++";
				CLANG_ENABLE_MODULES = YES;
				CLANG_ENABLE_OBJC_ARC = YES;
				CLANG_ENABLE_OBJC_WEAK = YES;
				CLANG_WARN_BLOCK_CAPTURE_AUTORELEASING = YES;
				CLANG_WARN_BOOL_CONVERSION = YES;
				CLANG_WARN_COMMA = YES;
				CLANG_WARN_CONSTANT_CONVERSION = YES;
				CLANG_WARN_DEPRECATED_OBJC_IMPLEMENTATIONS = YES;
				CLANG_WARN_DIRECT_OBJC_ISA_USAGE = YES_ERROR;
				CLANG_WARN_DOCUMENTATION_COMMENTS = YES;
				CLANG_WARN_EMPTY_BODY = YES;
				CLANG_WARN_ENUM_CONVERSION = YES;
				CLANG_WARN_INFINITE_RECURSION = YES;
				CLANG_WARN_INT_CONVERSION = YES;
				CLANG_WARN_NON_LITERAL_NULL_CONVERSION = YES;
				CLANG_WARN_OBJC_IMPLICIT_RETAIN_SELF = YES;
				CLANG_WARN_OBJC_LITERAL_CONVERSION = YES;
				CLANG_WARN_OBJC_ROOT_CLASS = YES_ERROR;
				CLANG_WARN_RANGE_LOOP_ANALYSIS = YES;
				CLANG_WARN_STRICT_PROTOTYPES = YES;
				CLANG_WARN_SUSPICIOUS_MOVE = YES;
				CLANG_WARN_UNGUARDED_AVAILABILITY = YES_AGGRESSIVE;
				CLANG_WARN_UNREACHABLE_CODE = YES;
				CLANG_WARN__DUPLICATE_METHOD_MATCH = YES;
				COPY_PHASE_STRIP = NO;
				DEBUG_INFORMATION_FORMAT = dwarf;
				ENABLE_STRICT_OBJC_MSGSEND = YES;
				ENABLE_TESTABILITY = YES;
				GCC_C_LANGUAGE_STANDARD = gnu11;
				GCC_DYNAMIC_NO_PIC = NO;
				GCC_NO_COMMON_BLOCKS = YES;
				GCC_OPTIMIZATION_LEVEL = 0;
				GCC_PREPROCESSOR_DEFINITIONS = (
					"DEBUG=1",
					"$(inherited)",
				);
				GCC_WARN_64_TO_32_BIT_CONVERSION = YES;
				GCC_WARN_ABOUT_RETURN_TYPE = YES_ERROR;
				GCC_WARN_UNDECLARED_SELECTOR = YES;
				GCC_WARN_UNINITIALIZED_AUTOS = YES_AGGRESSIVE;
				GCC_WARN_UNUSED_FUNCTION = YES;
				GCC_WARN_UNUSED_VARIABLE = YES;
				IPHONEOS_DEPLOYMENT_TARGET = 13.2;
				MTL_ENABLE_DEBUG_INFO = INCLUDE_SOURCE;
				MTL_FAST_MATH = YES;
				ONLY_ACTIVE_ARCH = YES;
				SDKROOT = iphoneos;
				SWIFT_ACTIVE_COMPILATION_CONDITIONS = DEBUG;
				SWIFT_OPTIMIZATION_LEVEL = "-Onone";
			};
			name = Debug;
		};
		8392259E2470611E00C2A25A /* Release */ = {
			isa = XCBuildConfiguration;
			buildSettings = {
				ALWAYS_SEARCH_USER_PATHS = NO;
				CLANG_ANALYZER_NONNULL = YES;
				CLANG_ANALYZER_NUMBER_OBJECT_CONVERSION = YES_AGGRESSIVE;
				CLANG_CXX_LANGUAGE_STANDARD = "gnu++14";
				CLANG_CXX_LIBRARY = "libc++";
				CLANG_ENABLE_MODULES = YES;
				CLANG_ENABLE_OBJC_ARC = YES;
				CLANG_ENABLE_OBJC_WEAK = YES;
				CLANG_WARN_BLOCK_CAPTURE_AUTORELEASING = YES;
				CLANG_WARN_BOOL_CONVERSION = YES;
				CLANG_WARN_COMMA = YES;
				CLANG_WARN_CONSTANT_CONVERSION = YES;
				CLANG_WARN_DEPRECATED_OBJC_IMPLEMENTATIONS = YES;
				CLANG_WARN_DIRECT_OBJC_ISA_USAGE = YES_ERROR;
				CLANG_WARN_DOCUMENTATION_COMMENTS = YES;
				CLANG_WARN_EMPTY_BODY = YES;
				CLANG_WARN_ENUM_CONVERSION = YES;
				CLANG_WARN_INFINITE_RECURSION = YES;
				CLANG_WARN_INT_CONVERSION = YES;
				CLANG_WARN_NON_LITERAL_NULL_CONVERSION = YES;
				CLANG_WARN_OBJC_IMPLICIT_RETAIN_SELF = YES;
				CLANG_WARN_OBJC_LITERAL_CONVERSION = YES;
				CLANG_WARN_OBJC_ROOT_CLASS = YES_ERROR;
				CLANG_WARN_RANGE_LOOP_ANALYSIS = YES;
				CLANG_WARN_STRICT_PROTOTYPES = YES;
				CLANG_WARN_SUSPICIOUS_MOVE = YES;
				CLANG_WARN_UNGUARDED_AVAILABILITY = YES_AGGRESSIVE;
				CLANG_WARN_UNREACHABLE_CODE = YES;
				CLANG_WARN__DUPLICATE_METHOD_MATCH = YES;
				COPY_PHASE_STRIP = NO;
				DEBUG_INFORMATION_FORMAT = "dwarf-with-dsym";
				ENABLE_NS_ASSERTIONS = NO;
				ENABLE_STRICT_OBJC_MSGSEND = YES;
				GCC_C_LANGUAGE_STANDARD = gnu11;
				GCC_NO_COMMON_BLOCKS = YES;
				GCC_WARN_64_TO_32_BIT_CONVERSION = YES;
				GCC_WARN_ABOUT_RETURN_TYPE = YES_ERROR;
				GCC_WARN_UNDECLARED_SELECTOR = YES;
				GCC_WARN_UNINITIALIZED_AUTOS = YES_AGGRESSIVE;
				GCC_WARN_UNUSED_FUNCTION = YES;
				GCC_WARN_UNUSED_VARIABLE = YES;
				IPHONEOS_DEPLOYMENT_TARGET = 13.2;
				MTL_ENABLE_DEBUG_INFO = NO;
				MTL_FAST_MATH = YES;
				SDKROOT = iphoneos;
				SWIFT_COMPILATION_MODE = wholemodule;
				SWIFT_OPTIMIZATION_LEVEL = "-O";
				VALIDATE_PRODUCT = YES;
			};
			name = Release;
		};
		839225A02470611E00C2A25A /* Debug */ = {
			isa = XCBuildConfiguration;
			buildSettings = {
				ASSETCATALOG_COMPILER_APPICON_NAME = AppIcon;
				CODE_SIGN_STYLE = Automatic;
				DEVELOPMENT_TEAM = C233LQUF2Z;
				INFOPLIST_FILE = "Chapter 5 - Dynamics/Info.plist";
				LD_RUNPATH_SEARCH_PATHS = (
					"$(inherited)",
					"@executable_path/Frameworks",
				);
				PRODUCT_BUNDLE_IDENTIFIER = "net.Packt.Chapter-5---Dynamics";
				PRODUCT_NAME = "$(TARGET_NAME)";
				SWIFT_VERSION = 5.0;
				TARGETED_DEVICE_FAMILY = "1,2";
			};
			name = Debug;
		};
		839225A12470611E00C2A25A /* Release */ = {
			isa = XCBuildConfiguration;
			buildSettings = {
				ASSETCATALOG_COMPILER_APPICON_NAME = AppIcon;
				CODE_SIGN_STYLE = Automatic;
				DEVELOPMENT_TEAM = C233LQUF2Z;
				INFOPLIST_FILE = "Chapter 5 - Dynamics/Info.plist";
				LD_RUNPATH_SEARCH_PATHS = (
					"$(inherited)",
					"@executable_path/Frameworks",
				);
				PRODUCT_BUNDLE_IDENTIFIER = "net.Packt.Chapter-5---Dynamics";
				PRODUCT_NAME = "$(TARGET_NAME)";
				SWIFT_VERSION = 5.0;
				TARGETED_DEVICE_FAMILY = "1,2";
			};
			name = Release;
		};
/* End XCBuildConfiguration section */

/* Begin XCConfigurationList section */
		839225862470611D00C2A25A /* Build configuration list for PBXProject "Chapter 5 - Dynamics" */ = {
			isa = XCConfigurationList;
			buildConfigurations = (
				8392259D2470611E00C2A25A /* Debug */,
				8392259E2470611E00C2A25A /* Release */,
			);
			defaultConfigurationIsVisible = 0;
			defaultConfigurationName = Release;
		};
		8392259F2470611E00C2A25A /* Build configuration list for PBXNativeTarget "Chapter 5 - Dynamics" */ = {
			isa = XCConfigurationList;
			buildConfigurations = (
				839225A02470611E00C2A25A /* Debug */,
				839225A12470611E00C2A25A /* Release */,
			);
			defaultConfigurationIsVisible = 0;
			defaultConfigurationName = Release;
		};
/* End XCConfigurationList section */
	};
	rootObject = 839225832470611D00C2A25A /* Project object */;
}
